# THIS IS AN AUTOGENERATED FILE. DO NOT EDIT THIS FILE DIRECTLY.
# yarn lockfile v1


"@aws-crypto/ie11-detection@^1.0.0":
  "integrity" "sha512-kCKVhCF1oDxFYgQrxXmIrS5oaWulkvRcPz+QBDMsUr2crbF4VGgGT6+uQhSwJFdUAQ2A//Vq+uT83eJrkzFgXA=="
  "resolved" "https://registry.npmjs.org/@aws-crypto/ie11-detection/-/ie11-detection-1.0.0.tgz"
  "version" "1.0.0"
  dependencies:
    "tslib" "^1.11.1"

"@aws-crypto/sha256-browser@^1.0.0":
  "integrity" "sha512-nS4vdan97It6HcweV58WXtjPbPSc0JXd3sAwlw3Ou5Mc3WllSycAS32Tv2LRn8butNQoU9AE3jEQAOgiMdNC1Q=="
  "resolved" "https://registry.npmjs.org/@aws-crypto/sha256-browser/-/sha256-browser-1.1.1.tgz"
  "version" "1.1.1"
  dependencies:
    "@aws-crypto/ie11-detection" "^1.0.0"
    "@aws-crypto/sha256-js" "^1.1.0"
    "@aws-crypto/supports-web-crypto" "^1.0.0"
    "@aws-sdk/types" "^3.1.0"
    "@aws-sdk/util-locate-window" "^3.0.0"
    "@aws-sdk/util-utf8-browser" "^3.0.0"
    "tslib" "^1.11.1"

"@aws-crypto/sha256-js@^1.0.0", "@aws-crypto/sha256-js@^1.1.0":
  "integrity" "sha512-VIhuqbPgXDVr8sZe2yhgQcDRRmzf4CI8fmC1A3bHiRfE6wlz1d8KpeemqbuoEHotz/Dch9yOxlshyQDNjNFeHA=="
  "resolved" "https://registry.npmjs.org/@aws-crypto/sha256-js/-/sha256-js-1.1.0.tgz"
  "version" "1.1.0"
  dependencies:
    "@aws-sdk/types" "^3.1.0"
    "@aws-sdk/util-utf8-browser" "^3.0.0"
    "tslib" "^1.11.1"

"@aws-crypto/supports-web-crypto@^1.0.0":
  "integrity" "sha512-IHLfv+WmVH89EW4n6a5eE8/hUlz6qkWGMn/v4r5ZgzcXdTC5nolii2z3k46y01hWRiC2PPhOdeSLzMUCUMco7g=="
  "resolved" "https://registry.npmjs.org/@aws-crypto/supports-web-crypto/-/supports-web-crypto-1.0.0.tgz"
  "version" "1.0.0"
  dependencies:
    "tslib" "^1.11.1"

"@aws-sdk/abort-controller@3.29.0":
  "integrity" "sha512-MLeexxMs06WkPKuA/ltOCA3TV+vN1WQjEhojNtylQzz/AJDDq4z/7nmIf4lJKM7h1PDuD4XHLPfbxNuv75mu6A=="
  "resolved" "https://registry.npmjs.org/@aws-sdk/abort-controller/-/abort-controller-3.29.0.tgz"
  "version" "3.29.0"
  dependencies:
    "@aws-sdk/types" "3.29.0"
    "tslib" "^2.3.0"

"@aws-sdk/client-securityhub@^3.31.0":
  "integrity" "sha512-AplXTIHps2OGj7YAyCa3OZpX/anv8lnwXduwCYLrrBhm3MqXauDsndwkhMoS3SiOrIMTuzR/G/1lNBepaqRiGQ=="
  "resolved" "https://registry.npmjs.org/@aws-sdk/client-securityhub/-/client-securityhub-3.31.0.tgz"
  "version" "3.31.0"
  dependencies:
    "@aws-crypto/sha256-browser" "^1.0.0"
    "@aws-crypto/sha256-js" "^1.0.0"
    "@aws-sdk/client-sts" "3.31.0"
    "@aws-sdk/config-resolver" "3.30.0"
    "@aws-sdk/credential-provider-node" "3.31.0"
    "@aws-sdk/fetch-http-handler" "3.29.0"
    "@aws-sdk/hash-node" "3.29.0"
    "@aws-sdk/invalid-dependency" "3.29.0"
    "@aws-sdk/middleware-content-length" "3.29.0"
    "@aws-sdk/middleware-host-header" "3.29.0"
    "@aws-sdk/middleware-logger" "3.29.0"
    "@aws-sdk/middleware-retry" "3.29.0"
    "@aws-sdk/middleware-serde" "3.29.0"
    "@aws-sdk/middleware-signing" "3.30.0"
    "@aws-sdk/middleware-stack" "3.29.0"
    "@aws-sdk/middleware-user-agent" "3.29.0"
    "@aws-sdk/node-config-provider" "3.29.0"
    "@aws-sdk/node-http-handler" "3.29.0"
    "@aws-sdk/protocol-http" "3.29.0"
    "@aws-sdk/smithy-client" "3.31.0"
    "@aws-sdk/types" "3.29.0"
    "@aws-sdk/url-parser" "3.29.0"
    "@aws-sdk/util-base64-browser" "3.29.0"
    "@aws-sdk/util-base64-node" "3.29.0"
    "@aws-sdk/util-body-length-browser" "3.29.0"
    "@aws-sdk/util-body-length-node" "3.29.0"
    "@aws-sdk/util-user-agent-browser" "3.29.0"
    "@aws-sdk/util-user-agent-node" "3.29.0"
    "@aws-sdk/util-utf8-browser" "3.29.0"
    "@aws-sdk/util-utf8-node" "3.29.0"
    "tslib" "^2.3.0"

"@aws-sdk/client-sso@3.31.0":
  "integrity" "sha512-fbquWlOS8+uotT2aZexK/3g85NYt2T5LpfWnk9mPV5HWfoevqTz9kwsZEW4DTnW9zibRl89vwXKolNpyszuZnw=="
  "resolved" "https://registry.npmjs.org/@aws-sdk/client-sso/-/client-sso-3.31.0.tgz"
  "version" "3.31.0"
  dependencies:
    "@aws-crypto/sha256-browser" "^1.0.0"
    "@aws-crypto/sha256-js" "^1.0.0"
    "@aws-sdk/config-resolver" "3.30.0"
    "@aws-sdk/fetch-http-handler" "3.29.0"
    "@aws-sdk/hash-node" "3.29.0"
    "@aws-sdk/invalid-dependency" "3.29.0"
    "@aws-sdk/middleware-content-length" "3.29.0"
    "@aws-sdk/middleware-host-header" "3.29.0"
    "@aws-sdk/middleware-logger" "3.29.0"
    "@aws-sdk/middleware-retry" "3.29.0"
    "@aws-sdk/middleware-serde" "3.29.0"
    "@aws-sdk/middleware-stack" "3.29.0"
    "@aws-sdk/middleware-user-agent" "3.29.0"
    "@aws-sdk/node-config-provider" "3.29.0"
    "@aws-sdk/node-http-handler" "3.29.0"
    "@aws-sdk/protocol-http" "3.29.0"
    "@aws-sdk/smithy-client" "3.31.0"
    "@aws-sdk/types" "3.29.0"
    "@aws-sdk/url-parser" "3.29.0"
    "@aws-sdk/util-base64-browser" "3.29.0"
    "@aws-sdk/util-base64-node" "3.29.0"
    "@aws-sdk/util-body-length-browser" "3.29.0"
    "@aws-sdk/util-body-length-node" "3.29.0"
    "@aws-sdk/util-user-agent-browser" "3.29.0"
    "@aws-sdk/util-user-agent-node" "3.29.0"
    "@aws-sdk/util-utf8-browser" "3.29.0"
    "@aws-sdk/util-utf8-node" "3.29.0"
    "tslib" "^2.3.0"

"@aws-sdk/client-sts@3.31.0":
  "integrity" "sha512-XL8l88iUHPxfByFPp9a9eZV6Shb9QijHM+aGJPFU5zYvX3ruclfuBIs/3gLgqeX8rsmjt8AfeICxaP4BwJcaZA=="
  "resolved" "https://registry.npmjs.org/@aws-sdk/client-sts/-/client-sts-3.31.0.tgz"
  "version" "3.31.0"
  dependencies:
    "@aws-crypto/sha256-browser" "^1.0.0"
    "@aws-crypto/sha256-js" "^1.0.0"
    "@aws-sdk/config-resolver" "3.30.0"
    "@aws-sdk/credential-provider-node" "3.31.0"
    "@aws-sdk/fetch-http-handler" "3.29.0"
    "@aws-sdk/hash-node" "3.29.0"
    "@aws-sdk/invalid-dependency" "3.29.0"
    "@aws-sdk/middleware-content-length" "3.29.0"
    "@aws-sdk/middleware-host-header" "3.29.0"
    "@aws-sdk/middleware-logger" "3.29.0"
    "@aws-sdk/middleware-retry" "3.29.0"
    "@aws-sdk/middleware-sdk-sts" "3.30.0"
    "@aws-sdk/middleware-serde" "3.29.0"
    "@aws-sdk/middleware-signing" "3.30.0"
    "@aws-sdk/middleware-stack" "3.29.0"
    "@aws-sdk/middleware-user-agent" "3.29.0"
    "@aws-sdk/node-config-provider" "3.29.0"
    "@aws-sdk/node-http-handler" "3.29.0"
    "@aws-sdk/protocol-http" "3.29.0"
    "@aws-sdk/smithy-client" "3.31.0"
    "@aws-sdk/types" "3.29.0"
    "@aws-sdk/url-parser" "3.29.0"
    "@aws-sdk/util-base64-browser" "3.29.0"
    "@aws-sdk/util-base64-node" "3.29.0"
    "@aws-sdk/util-body-length-browser" "3.29.0"
    "@aws-sdk/util-body-length-node" "3.29.0"
    "@aws-sdk/util-user-agent-browser" "3.29.0"
    "@aws-sdk/util-user-agent-node" "3.29.0"
    "@aws-sdk/util-utf8-browser" "3.29.0"
    "@aws-sdk/util-utf8-node" "3.29.0"
    "entities" "2.2.0"
    "fast-xml-parser" "3.19.0"
    "tslib" "^2.3.0"

"@aws-sdk/config-resolver@3.30.0":
  "integrity" "sha512-1qb8WB2uiH2O1UYc98adfmQX3/Rxh1bwU1VW2FxEfCGBTT6wi+Ic1nVTdVy+2gd3usCeIim5mEs8REXgvjLENQ=="
  "resolved" "https://registry.npmjs.org/@aws-sdk/config-resolver/-/config-resolver-3.30.0.tgz"
  "version" "3.30.0"
  dependencies:
    "@aws-sdk/signature-v4" "3.30.0"
    "@aws-sdk/types" "3.29.0"
    "tslib" "^2.3.0"

"@aws-sdk/credential-provider-env@3.29.0":
  "integrity" "sha512-FUhdZODjkUeTFNfH7EnqN9piQwBR1gg+8NUJt6Rn7G4rj5lN2n2ryAatowIlzIB+/oWDvpPj+yMIE+XGjQrMhg=="
  "resolved" "https://registry.npmjs.org/@aws-sdk/credential-provider-env/-/credential-provider-env-3.29.0.tgz"
  "version" "3.29.0"
  dependencies:
    "@aws-sdk/property-provider" "3.29.0"
    "@aws-sdk/types" "3.29.0"
    "tslib" "^2.3.0"

"@aws-sdk/credential-provider-imds@3.29.0":
  "integrity" "sha512-sjyJrJoLhP2ekx+Z3m5g+/YIWYtuKII9eXuTTwRhzBKTpqv0WQm1ilISdNcz691JueF5jHQs4bP6FWk55RUWEg=="
  "resolved" "https://registry.npmjs.org/@aws-sdk/credential-provider-imds/-/credential-provider-imds-3.29.0.tgz"
  "version" "3.29.0"
  dependencies:
    "@aws-sdk/node-config-provider" "3.29.0"
    "@aws-sdk/property-provider" "3.29.0"
    "@aws-sdk/types" "3.29.0"
    "@aws-sdk/url-parser" "3.29.0"
    "tslib" "^2.3.0"

"@aws-sdk/credential-provider-ini@3.31.0":
  "integrity" "sha512-t95Gix2fWLIxrM2c2QZfRgJ1aCY1zGSlhb1JBlzPwxVRay7iUKa9U2dPoPhbOTsD1abQMjE4AnpDt9Bj+AXgyA=="
  "resolved" "https://registry.npmjs.org/@aws-sdk/credential-provider-ini/-/credential-provider-ini-3.31.0.tgz"
  "version" "3.31.0"
  dependencies:
    "@aws-sdk/credential-provider-env" "3.29.0"
    "@aws-sdk/credential-provider-imds" "3.29.0"
    "@aws-sdk/credential-provider-sso" "3.31.0"
    "@aws-sdk/credential-provider-web-identity" "3.29.0"
    "@aws-sdk/property-provider" "3.29.0"
    "@aws-sdk/shared-ini-file-loader" "3.29.0"
    "@aws-sdk/types" "3.29.0"
    "@aws-sdk/util-credentials" "3.29.0"
    "tslib" "^2.3.0"

"@aws-sdk/credential-provider-node@3.31.0":
  "integrity" "sha512-T5309Q/MPHmaKYX0gSo6dv8w1ll4wsXvAUDXFC3MMdL/WYBfYvJa9H5nB9D9bL0xmtsm9e3WtfAcvEkN8Qz1xg=="
  "resolved" "https://registry.npmjs.org/@aws-sdk/credential-provider-node/-/credential-provider-node-3.31.0.tgz"
  "version" "3.31.0"
  dependencies:
    "@aws-sdk/credential-provider-env" "3.29.0"
    "@aws-sdk/credential-provider-imds" "3.29.0"
    "@aws-sdk/credential-provider-ini" "3.31.0"
    "@aws-sdk/credential-provider-process" "3.29.0"
    "@aws-sdk/credential-provider-sso" "3.31.0"
    "@aws-sdk/credential-provider-web-identity" "3.29.0"
    "@aws-sdk/property-provider" "3.29.0"
    "@aws-sdk/shared-ini-file-loader" "3.29.0"
    "@aws-sdk/types" "3.29.0"
    "@aws-sdk/util-credentials" "3.29.0"
    "tslib" "^2.3.0"

"@aws-sdk/credential-provider-process@3.29.0":
  "integrity" "sha512-1dMq84uGh3zcu+/bGohibWYMSxcrjwaIAc4dBU/3+rkNzPPdRA83hzYS34EizQ61JQHnM3z/xX9SLMeaNRKaSA=="
  "resolved" "https://registry.npmjs.org/@aws-sdk/credential-provider-process/-/credential-provider-process-3.29.0.tgz"
  "version" "3.29.0"
  dependencies:
    "@aws-sdk/property-provider" "3.29.0"
    "@aws-sdk/shared-ini-file-loader" "3.29.0"
    "@aws-sdk/types" "3.29.0"
    "@aws-sdk/util-credentials" "3.29.0"
    "tslib" "^2.3.0"

"@aws-sdk/credential-provider-sso@3.31.0":
  "integrity" "sha512-x+xQvq8AFt+V1EpwRWa3Obsd1w2L7pQyP/P6O9Q5Enq6OwmdrM+i51jMD58QMRz4h+Ys5eaLLfi0wE0AjrUbng=="
  "resolved" "https://registry.npmjs.org/@aws-sdk/credential-provider-sso/-/credential-provider-sso-3.31.0.tgz"
  "version" "3.31.0"
  dependencies:
    "@aws-sdk/client-sso" "3.31.0"
    "@aws-sdk/property-provider" "3.29.0"
    "@aws-sdk/shared-ini-file-loader" "3.29.0"
    "@aws-sdk/types" "3.29.0"
    "@aws-sdk/util-credentials" "3.29.0"
    "tslib" "^2.3.0"

"@aws-sdk/credential-provider-web-identity@3.29.0":
  "integrity" "sha512-TwICG9y/iw08urlCymroQfRRJY++4JZwdhR0/2ycU+/Cgac6u4MfZsB1qD+u9+Q39/TqSz6QwtNhKLNdf0N23A=="
  "resolved" "https://registry.npmjs.org/@aws-sdk/credential-provider-web-identity/-/credential-provider-web-identity-3.29.0.tgz"
  "version" "3.29.0"
  dependencies:
    "@aws-sdk/property-provider" "3.29.0"
    "@aws-sdk/types" "3.29.0"
    "tslib" "^2.3.0"

"@aws-sdk/fetch-http-handler@3.29.0":
  "integrity" "sha512-rx+YlHFYzgGsCZMEvJBUdRsqfMGW4RY6J3USQvz63a32jVlMC3Kw9xINaXGhCEmOlUlzdeeIMQOZW5VxavLnjQ=="
  "resolved" "https://registry.npmjs.org/@aws-sdk/fetch-http-handler/-/fetch-http-handler-3.29.0.tgz"
  "version" "3.29.0"
  dependencies:
    "@aws-sdk/protocol-http" "3.29.0"
    "@aws-sdk/querystring-builder" "3.29.0"
    "@aws-sdk/types" "3.29.0"
    "@aws-sdk/util-base64-browser" "3.29.0"
    "tslib" "^2.3.0"

"@aws-sdk/hash-node@3.29.0":
  "integrity" "sha512-iANkXAGNgUSX17GjyTdrFRE357AmAgnIsuyKhuaK8vi4SPPxHYCyXOdxtUx5TjkzW4bUym3cRJS8zeirayTEHA=="
  "resolved" "https://registry.npmjs.org/@aws-sdk/hash-node/-/hash-node-3.29.0.tgz"
  "version" "3.29.0"
  dependencies:
    "@aws-sdk/types" "3.29.0"
    "@aws-sdk/util-buffer-from" "3.29.0"
    "tslib" "^2.3.0"

"@aws-sdk/invalid-dependency@3.29.0":
  "integrity" "sha512-0TyZZbPs5SWCF2tT1DXccK5SUx7/bDJCVojgBuW3QRJn9ta3US/u5l7w8k6jwWFU3CQhLAWuG0TD7FhATiM2HQ=="
  "resolved" "https://registry.npmjs.org/@aws-sdk/invalid-dependency/-/invalid-dependency-3.29.0.tgz"
  "version" "3.29.0"
  dependencies:
    "@aws-sdk/types" "3.29.0"
    "tslib" "^2.3.0"

"@aws-sdk/is-array-buffer@3.29.0":
  "integrity" "sha512-QqIhHGp2qTfDlW7uNh/T4kcyAU2TfxHA29cppQusuTJjploAXXMzvBdmxjFH1ZvPbKs0Rd7owQ0YnC9Lnq+Nzg=="
  "resolved" "https://registry.npmjs.org/@aws-sdk/is-array-buffer/-/is-array-buffer-3.29.0.tgz"
  "version" "3.29.0"
  dependencies:
    "tslib" "^2.3.0"

"@aws-sdk/middleware-content-length@3.29.0":
  "integrity" "sha512-g+tOOXQXqKG84XwFrJexZa2iTuYJce9jnjHV4vyfXwVuKrwuf+ZFguPZ4hzEd40vDo5aLM49JtF/OcO4plCneg=="
  "resolved" "https://registry.npmjs.org/@aws-sdk/middleware-content-length/-/middleware-content-length-3.29.0.tgz"
  "version" "3.29.0"
  dependencies:
    "@aws-sdk/protocol-http" "3.29.0"
    "@aws-sdk/types" "3.29.0"
    "tslib" "^2.3.0"

"@aws-sdk/middleware-host-header@3.29.0":
  "integrity" "sha512-aBifr86Owrhvy29cvZD17JzdoTtKMxzdjCkMA7ckNP+9Lg7kLI/6ws1yZ6BJlmcOnKxtNSnkvunGmJy8BU8EWQ=="
  "resolved" "https://registry.npmjs.org/@aws-sdk/middleware-host-header/-/middleware-host-header-3.29.0.tgz"
  "version" "3.29.0"
  dependencies:
    "@aws-sdk/protocol-http" "3.29.0"
    "@aws-sdk/types" "3.29.0"
    "tslib" "^2.3.0"

"@aws-sdk/middleware-logger@3.29.0":
  "integrity" "sha512-0rLvuTvfaMWNb7+FApXAH0111FEp/AfG3fO7QkyVrXmHlTrNIJozilhkd0FwEMcQqqM9UK5lPLXwloH9Rkp9vw=="
  "resolved" "https://registry.npmjs.org/@aws-sdk/middleware-logger/-/middleware-logger-3.29.0.tgz"
  "version" "3.29.0"
  dependencies:
    "@aws-sdk/types" "3.29.0"
    "tslib" "^2.3.0"

"@aws-sdk/middleware-retry@3.29.0":
  "integrity" "sha512-yRQ48UIGPmK3/jWMJ2LC4trltFevMDEXyvtT6knwDnwXxmuwv7K6udk6TnGaUU5TlLVI1XdRQHaZY7xZH1KbGw=="
  "resolved" "https://registry.npmjs.org/@aws-sdk/middleware-retry/-/middleware-retry-3.29.0.tgz"
  "version" "3.29.0"
  dependencies:
    "@aws-sdk/protocol-http" "3.29.0"
    "@aws-sdk/service-error-classification" "3.29.0"
    "@aws-sdk/types" "3.29.0"
    "tslib" "^2.3.0"
    "uuid" "^8.3.2"

"@aws-sdk/middleware-sdk-sts@3.30.0":
  "integrity" "sha512-TZQQ0LA/rjYNgV+DbU0KvyHZaNhihrWf4IeJeKoez1vpvQmU58G5zAm0+rVHbzazJaOQuHYKKdPttOPxl/JAAg=="
  "resolved" "https://registry.npmjs.org/@aws-sdk/middleware-sdk-sts/-/middleware-sdk-sts-3.30.0.tgz"
  "version" "3.30.0"
  dependencies:
    "@aws-sdk/middleware-signing" "3.30.0"
    "@aws-sdk/property-provider" "3.29.0"
    "@aws-sdk/protocol-http" "3.29.0"
    "@aws-sdk/signature-v4" "3.30.0"
    "@aws-sdk/types" "3.29.0"
    "tslib" "^2.3.0"

"@aws-sdk/middleware-serde@3.29.0":
  "integrity" "sha512-jN6zuaXg3k9HiWJZjBROiVJEdFaZrMikhyVdqYTT3hR+i08M/9UgVuX84HP/dALChZazOn9MPhvPWGvxrMOr9A=="
  "resolved" "https://registry.npmjs.org/@aws-sdk/middleware-serde/-/middleware-serde-3.29.0.tgz"
  "version" "3.29.0"
  dependencies:
    "@aws-sdk/types" "3.29.0"
    "tslib" "^2.3.0"

"@aws-sdk/middleware-signing@3.30.0":
  "integrity" "sha512-T/zGCijEGODmpbS/HlwnxT0Bn69FhZpBrVAjfofLUFzHteJ5Ab2q7AEt1dOdi3GrtTGStdwbfiZVeTxMKIjaTw=="
  "resolved" "https://registry.npmjs.org/@aws-sdk/middleware-signing/-/middleware-signing-3.30.0.tgz"
  "version" "3.30.0"
  dependencies:
    "@aws-sdk/property-provider" "3.29.0"
    "@aws-sdk/protocol-http" "3.29.0"
    "@aws-sdk/signature-v4" "3.30.0"
    "@aws-sdk/types" "3.29.0"
    "tslib" "^2.3.0"

"@aws-sdk/middleware-stack@3.29.0":
  "integrity" "sha512-S6Jt108uxs/PEoLAgGow9SdMKWXhlg0EGgY77Z4pNPQDrBYoca2kwWeTsyTpgBXSsyV0z0WZB4TJK5/doGv6CA=="
  "resolved" "https://registry.npmjs.org/@aws-sdk/middleware-stack/-/middleware-stack-3.29.0.tgz"
  "version" "3.29.0"
  dependencies:
    "tslib" "^2.3.0"

"@aws-sdk/middleware-user-agent@3.29.0":
  "integrity" "sha512-AVbn9QEbqBgScaD3cxLv7/yi9Up10vYKy/AWIwgTrW0LxOuy9+Za2hdk5eZRP/QpqS/Ibz2/CqcmK1GQ/03kmg=="
  "resolved" "https://registry.npmjs.org/@aws-sdk/middleware-user-agent/-/middleware-user-agent-3.29.0.tgz"
  "version" "3.29.0"
  dependencies:
    "@aws-sdk/protocol-http" "3.29.0"
    "@aws-sdk/types" "3.29.0"
    "tslib" "^2.3.0"

"@aws-sdk/node-config-provider@3.29.0":
  "integrity" "sha512-ANRnPz4IT4FiSAc+9p0HqGSjL+cdzB2E68BFmbbGin0fZwhflX1BksjuUEibw8Emf8jvhvbUxdtAIUWctTYxOA=="
  "resolved" "https://registry.npmjs.org/@aws-sdk/node-config-provider/-/node-config-provider-3.29.0.tgz"
  "version" "3.29.0"
  dependencies:
    "@aws-sdk/property-provider" "3.29.0"
    "@aws-sdk/shared-ini-file-loader" "3.29.0"
    "@aws-sdk/types" "3.29.0"
    "tslib" "^2.3.0"

"@aws-sdk/node-http-handler@3.29.0":
  "integrity" "sha512-FnPdoK0hmEr2JO/g7MVE3oeC2TvMpoRDQqUnDrn9C1bzRzgzhHqGVyaiRmc1HECMKjPFYVn02NCzY4qx56K0Ag=="
  "resolved" "https://registry.npmjs.org/@aws-sdk/node-http-handler/-/node-http-handler-3.29.0.tgz"
  "version" "3.29.0"
  dependencies:
    "@aws-sdk/abort-controller" "3.29.0"
    "@aws-sdk/protocol-http" "3.29.0"
    "@aws-sdk/querystring-builder" "3.29.0"
    "@aws-sdk/types" "3.29.0"
    "tslib" "^2.3.0"

"@aws-sdk/property-provider@3.29.0":
  "integrity" "sha512-N2fd3H4mGGE51PgmMbEzBGSNwcyPkEgMxgfZsrQUaFh+CE5uuelOAL70Yzr4IZ4yZJvf1F9e8drtCuUcHnSUEw=="
  "resolved" "https://registry.npmjs.org/@aws-sdk/property-provider/-/property-provider-3.29.0.tgz"
  "version" "3.29.0"
  dependencies:
    "@aws-sdk/types" "3.29.0"
    "tslib" "^2.3.0"

"@aws-sdk/protocol-http@3.29.0":
  "integrity" "sha512-OIeJ7ukfgGkaIL0/NNM5sxIlfxtOqQN+KoaQ89YeLBlJPVoKnptAw+eWjjLwxLs+r/SbyZHXbBawP+sbzq0mSQ=="
  "resolved" "https://registry.npmjs.org/@aws-sdk/protocol-http/-/protocol-http-3.29.0.tgz"
  "version" "3.29.0"
  dependencies:
    "@aws-sdk/types" "3.29.0"
    "tslib" "^2.3.0"

"@aws-sdk/querystring-builder@3.29.0":
  "integrity" "sha512-htrHPmwGfWxl/Mt0JpR63NmlDtmwMJTjvLVrdbxBBXfjiyB8023lEFfyMSDHzD6fegQcw/rOwaliQNAuaVNnXQ=="
  "resolved" "https://registry.npmjs.org/@aws-sdk/querystring-builder/-/querystring-builder-3.29.0.tgz"
  "version" "3.29.0"
  dependencies:
    "@aws-sdk/types" "3.29.0"
    "@aws-sdk/util-uri-escape" "3.29.0"
    "tslib" "^2.3.0"

"@aws-sdk/querystring-parser@3.29.0":
  "integrity" "sha512-v22PBXafAHw+wMaSGbq4B9wEsSYV2e0nZgGHZBNML3HPDiAYJqsQHiYEbiz8nzkmoayU0wrVFZ/XfKNXXcXGbw=="
  "resolved" "https://registry.npmjs.org/@aws-sdk/querystring-parser/-/querystring-parser-3.29.0.tgz"
  "version" "3.29.0"
  dependencies:
    "@aws-sdk/types" "3.29.0"
    "tslib" "^2.3.0"

"@aws-sdk/service-error-classification@3.29.0":
  "integrity" "sha512-VqOjXXTLTGbifzg3Fg2g/Ac6W3uzC3llPZjm/b0goM17KLWMGU7JKiem2l+CFyN4sxkver7InNlIUJCJAPB6+Q=="
  "resolved" "https://registry.npmjs.org/@aws-sdk/service-error-classification/-/service-error-classification-3.29.0.tgz"
  "version" "3.29.0"

"@aws-sdk/shared-ini-file-loader@3.29.0":
  "integrity" "sha512-x4Chk4+iMiYaxcomZjdg7IwU1mQhJ7iPl/3RrIqCShPIOZDwwH4vLl6Fw0bniOZiHK30JQ1wlAgLxzVP0JMHTw=="
  "resolved" "https://registry.npmjs.org/@aws-sdk/shared-ini-file-loader/-/shared-ini-file-loader-3.29.0.tgz"
  "version" "3.29.0"
  dependencies:
    "tslib" "^2.3.0"

"@aws-sdk/signature-v4@3.30.0":
  "integrity" "sha512-uBvut8RrhXGunTDYuJMALlV8IaFHyZHPzadhrqx12QJT+LQevSB4CR2WXZknz0JZ4HcFvpaJqbiionLobwVEuQ=="
  "resolved" "https://registry.npmjs.org/@aws-sdk/signature-v4/-/signature-v4-3.30.0.tgz"
  "version" "3.30.0"
  dependencies:
    "@aws-sdk/is-array-buffer" "3.29.0"
    "@aws-sdk/types" "3.29.0"
    "@aws-sdk/util-hex-encoding" "3.29.0"
    "@aws-sdk/util-uri-escape" "3.29.0"
    "tslib" "^2.3.0"

"@aws-sdk/smithy-client@3.31.0":
  "integrity" "sha512-QZHOMM6npFyDEW8wrp8rLs+YGZIPRfuItlWHm6Upejp6a7s1ksb/1c44vNeqwnAeUJrdXfOX9QFkbh1+gZF21A=="
  "resolved" "https://registry.npmjs.org/@aws-sdk/smithy-client/-/smithy-client-3.31.0.tgz"
  "version" "3.31.0"
  dependencies:
    "@aws-sdk/middleware-stack" "3.29.0"
    "@aws-sdk/types" "3.29.0"
    "tslib" "^2.3.0"

"@aws-sdk/types@^3.1.0", "@aws-sdk/types@3.29.0":
  "integrity" "sha512-8ilWQU5ZTdiRfblmmjl38+6JZKKM8EqA5Sbn8djgDLShCLeVJ2TsL2guzNi+WHcL7BHdv1pI/NNmTcgRUo6yOw=="
  "resolved" "https://registry.npmjs.org/@aws-sdk/types/-/types-3.29.0.tgz"
  "version" "3.29.0"

"@aws-sdk/url-parser@3.29.0":
  "integrity" "sha512-385f+g4xeRym2S4bzF+Nc0MB8addAlCSb5hIUJu1JKH6FwFLrNRuixeaelGLyWr77xv25P0ruyXQAFf2ISxzKw=="
  "resolved" "https://registry.npmjs.org/@aws-sdk/url-parser/-/url-parser-3.29.0.tgz"
  "version" "3.29.0"
  dependencies:
    "@aws-sdk/querystring-parser" "3.29.0"
    "@aws-sdk/types" "3.29.0"
    "tslib" "^2.3.0"

"@aws-sdk/util-base64-browser@3.29.0":
  "integrity" "sha512-yMgn5vZ7laVO/497iPDjTdmia3sDdFBDq6k42EZxVTpkUcd8JS2nWJ+9ePuIMwqOgPjhhkOOXiidrbZaUQ+L6Q=="
  "resolved" "https://registry.npmjs.org/@aws-sdk/util-base64-browser/-/util-base64-browser-3.29.0.tgz"
  "version" "3.29.0"
  dependencies:
    "tslib" "^2.3.0"

"@aws-sdk/util-base64-node@3.29.0":
  "integrity" "sha512-4pRwjQ6+yS7SQm+yK3pchrsmGPEuoR2YiNsBG0LVNecQmnxWUbOhaEWIxXKTnAzs9bAt7AWEbLzsW8/cN/yTNw=="
  "resolved" "https://registry.npmjs.org/@aws-sdk/util-base64-node/-/util-base64-node-3.29.0.tgz"
  "version" "3.29.0"
  dependencies:
    "@aws-sdk/util-buffer-from" "3.29.0"
    "tslib" "^2.3.0"

"@aws-sdk/util-body-length-browser@3.29.0":
  "integrity" "sha512-cKSwlDlZkcxuhSdoiq1TxleaBvveEgKA2Yo4TYP4DKVPHZuYZtbFv8r1driml1SaIKXg4GQpe+pJit3mxDRxAg=="
  "resolved" "https://registry.npmjs.org/@aws-sdk/util-body-length-browser/-/util-body-length-browser-3.29.0.tgz"
  "version" "3.29.0"
  dependencies:
    "tslib" "^2.3.0"

"@aws-sdk/util-body-length-node@3.29.0":
  "integrity" "sha512-8rG65GMpsjVFd9jhx5y/dhwbJVIKq0OqwNRK+GoIVDo0KKaGtjNbCVHYYDjpwIuksZumiqvlC0E3AUcXn7p1rQ=="
  "resolved" "https://registry.npmjs.org/@aws-sdk/util-body-length-node/-/util-body-length-node-3.29.0.tgz"
  "version" "3.29.0"
  dependencies:
    "tslib" "^2.3.0"

"@aws-sdk/util-buffer-from@3.29.0":
  "integrity" "sha512-4ODxK5y/yONgsuc9SAzZ0j/v0IQkJVCRApziF4Q8NiZ1z9050nZ08rgTEhrTbWgLmDju4SDvJhn/nUNTrsLhug=="
  "resolved" "https://registry.npmjs.org/@aws-sdk/util-buffer-from/-/util-buffer-from-3.29.0.tgz"
  "version" "3.29.0"
  dependencies:
    "@aws-sdk/is-array-buffer" "3.29.0"
    "tslib" "^2.3.0"

"@aws-sdk/util-credentials@3.29.0":
  "integrity" "sha512-xCWQizP5d6SwbwB2HmxpDqu0WYY7/E7pNrZ+7tSMrJxZlT8Zsd+lFaO23JVFMEBqjjBnpLBr+XkNZgOpD1BYwA=="
  "resolved" "https://registry.npmjs.org/@aws-sdk/util-credentials/-/util-credentials-3.29.0.tgz"
  "version" "3.29.0"
  dependencies:
    "@aws-sdk/shared-ini-file-loader" "3.29.0"
    "tslib" "^2.3.0"

"@aws-sdk/util-hex-encoding@3.29.0":
  "integrity" "sha512-YZ9fhJ2HKnnPL+8M9/YMFo4906Cvh1NaVOZT61joPM5Vv1rSYXdD1/tvn2qNjVhAJAGFWdBsIqZWw43km5DNpw=="
  "resolved" "https://registry.npmjs.org/@aws-sdk/util-hex-encoding/-/util-hex-encoding-3.29.0.tgz"
  "version" "3.29.0"
  dependencies:
    "tslib" "^2.3.0"

"@aws-sdk/util-locate-window@^3.0.0":
  "integrity" "sha512-gvcbl9UdTOvuCCzgbtTTsKnL1l/cnT/CFl0f6ZCQ6qubUTRCuL/aK8DvgWa1n9p/ddCiVKPLmHu/L1xtX4gc0A=="
  "resolved" "https://registry.npmjs.org/@aws-sdk/util-locate-window/-/util-locate-window-3.29.0.tgz"
  "version" "3.29.0"
  dependencies:
    "tslib" "^2.3.0"

"@aws-sdk/util-uri-escape@3.29.0":
  "integrity" "sha512-js834TiNTdwIZOxmGSCPiLETUoc2JslY07D6A+yLNI/kZmmTHa0tKCyPxMqo7LBb+iU9ymky2LLJuDGp6aZNHw=="
  "resolved" "https://registry.npmjs.org/@aws-sdk/util-uri-escape/-/util-uri-escape-3.29.0.tgz"
  "version" "3.29.0"
  dependencies:
    "tslib" "^2.3.0"

"@aws-sdk/util-user-agent-browser@3.29.0":
  "integrity" "sha512-se9WLQS3H36u8FUA3/DfnzH3LU77QBRpJN4FmQtcQHR3A5mR2tRty+eOrvIf2R4QtveMWXrQbvScTrca7ZFZug=="
  "resolved" "https://registry.npmjs.org/@aws-sdk/util-user-agent-browser/-/util-user-agent-browser-3.29.0.tgz"
  "version" "3.29.0"
  dependencies:
    "@aws-sdk/types" "3.29.0"
    "bowser" "^2.11.0"
    "tslib" "^2.3.0"

"@aws-sdk/util-user-agent-node@3.29.0":
  "integrity" "sha512-atyjuDnD1WtIR1sZzcCJcD0JyYKGZ6bYqAhh/apaiPs0LoTyaFGYN8K7wSr3gL8PqD9YYNKfiNiPU3AbY6pW5A=="
  "resolved" "https://registry.npmjs.org/@aws-sdk/util-user-agent-node/-/util-user-agent-node-3.29.0.tgz"
  "version" "3.29.0"
  dependencies:
    "@aws-sdk/node-config-provider" "3.29.0"
    "@aws-sdk/types" "3.29.0"
    "tslib" "^2.3.0"

"@aws-sdk/util-utf8-browser@^3.0.0", "@aws-sdk/util-utf8-browser@3.29.0":
  "integrity" "sha512-ZIHbBYByMq5vadQ1SZOQTHVtrkGAFiuypATYF5ST8YB3j7XKvflv+fiBX2xQ8xpqb28noEg6dNPnvqkQQ1n/aw=="
  "resolved" "https://registry.npmjs.org/@aws-sdk/util-utf8-browser/-/util-utf8-browser-3.29.0.tgz"
  "version" "3.29.0"
  dependencies:
    "tslib" "^2.3.0"

"@aws-sdk/util-utf8-node@3.29.0":
  "integrity" "sha512-CIZPDnSvtfv7MeHM/hA1fHXcXJR2f7ULjw4nXsX/BLaKGKf/O6IhOXPt1ecUIpGeUrCgPCqxkDjmThUCa87Bcg=="
  "resolved" "https://registry.npmjs.org/@aws-sdk/util-utf8-node/-/util-utf8-node-3.29.0.tgz"
  "version" "3.29.0"
  dependencies:
    "@aws-sdk/util-buffer-from" "3.29.0"
    "tslib" "^2.3.0"

"@dabh/diagnostics@^2.0.2":
  "integrity" "sha512-+A1YivoVDNNVCdfozHSR8v/jyuuLTMXwjWuxPFlFlUapXoGc+Gj9mDlTDDfrwl7rXCl2tNZ0kE8sIBO6YOn96Q=="
  "resolved" "https://registry.npmjs.org/@dabh/diagnostics/-/diagnostics-2.0.2.tgz"
  "version" "2.0.2"
  dependencies:
    "colorspace" "1.1.x"
    "enabled" "2.0.x"
    "kuler" "^2.0.0"

"@types/lodash@^4.14.172":
  "integrity" "sha512-/BHF5HAx3em7/KkzVKm3LrsD6HZAXuXO1AJZQ3cRRBZj4oHZDviWPYu0aEplAqDFNHZPW6d3G7KN+ONcCCC7pw=="
  "resolved" "https://registry.npmjs.org/@types/lodash/-/lodash-4.14.172.tgz"
  "version" "4.14.172"

"@types/node@^16.7.10":
  "integrity" "sha512-S63Dlv4zIPb8x6MMTgDq5WWRJQe56iBEY0O3SOFA9JrRienkOVDXSXBjjJw6HTNQYSE2JI6GMCR6LVbIMHJVvA=="
  "resolved" "https://registry.npmjs.org/@types/node/-/node-16.7.10.tgz"
  "version" "16.7.10"

"@types/uuid@^8.3.1":
  "integrity" "sha512-Y2mHTRAbqfFkpjldbkHGY8JIzRN6XqYRliG8/24FcHm2D2PwW24fl5xMRTVGdrb7iMrwCaIEbLWerGIkXuFWVg=="
  "resolved" "https://registry.npmjs.org/@types/uuid/-/uuid-8.3.1.tgz"
  "version" "8.3.1"

"@types/winston@^2.4.4":
  "integrity" "sha512-BVGCztsypW8EYwJ+Hq+QNYiT/MUyCif0ouBH+flrY66O5W+KIXAMML6E/0fJpm7VjIzgangahl5S03bJJQGrZw=="
  "resolved" "https://registry.npmjs.org/@types/winston/-/winston-2.4.4.tgz"
  "version" "2.4.4"
  dependencies:
    "winston" "*"

"async@^3.1.0":
  "integrity" "sha512-XdD5lRO/87udXCMC9meWdYiR+Nq6ZjUfXidViUZGu2F1MO4T3XwZ1et0hb2++BgLfhyJwy44BGB/yx80ABx8hg=="
  "resolved" "https://registry.npmjs.org/async/-/async-3.2.1.tgz"
  "version" "3.2.1"

"bowser@^2.11.0":
  "integrity" "sha512-AlcaJBi/pqqJBIQ8U9Mcpc9i8Aqxn88Skv5d+xBX006BY5u8N3mGLHa5Lgppa7L/HfwgwLgZ6NYs+Ag6uUmJRA=="
  "resolved" "https://registry.npmjs.org/bowser/-/bowser-2.11.0.tgz"
  "version" "2.11.0"

"color-convert@^1.9.1":
  "integrity" "sha512-QfAUtd+vFdAtFQcC8CCyYt1fYWxSqAiK2cSD6zDB8N3cpsEBAvRxp9zOGg6G/SHHJYAT88/az/IuDGALsNVbGg=="
  "resolved" "https://registry.npmjs.org/color-convert/-/color-convert-1.9.3.tgz"
  "version" "1.9.3"
  dependencies:
    "color-name" "1.1.3"

"color-name@^1.0.0":
  "integrity" "sha512-dOy+3AuW3a2wNbZHIuMZpTcgjGuLU/uBL/ubcZF9OXbDo8ff4O8yVp5Bf0efS8uEoYo5q4Fx7dY9OgQGXgAsQA=="
  "resolved" "https://registry.npmjs.org/color-name/-/color-name-1.1.4.tgz"
  "version" "1.1.4"

"color-name@1.1.3":
  "integrity" "sha1-p9BVi9icQveV3UIyj3QIMcpTvCU="
  "resolved" "https://registry.npmjs.org/color-name/-/color-name-1.1.3.tgz"
  "version" "1.1.3"

"color-string@^1.5.2":
  "integrity" "sha512-c/hGS+kRWJutUBEngKKmk4iH3sD59MBkoxVapS/0wgpCz2u7XsNloxknyvBhzwEs1IbV36D9PwqLPJ2DTu3vMA=="
  "resolved" "https://registry.npmjs.org/color-string/-/color-string-1.6.0.tgz"
  "version" "1.6.0"
  dependencies:
    "color-name" "^1.0.0"
    "simple-swizzle" "^0.2.2"

"color@3.0.x":
  "integrity" "sha512-jCpd5+s0s0t7p3pHQKpnJ0TpQKKdleP71LWcA0aqiljpiuAkOSUFN/dyH8ZwF0hRmFlrIuRhufds1QyEP9EB+w=="
  "resolved" "https://registry.npmjs.org/color/-/color-3.0.0.tgz"
  "version" "3.0.0"
  dependencies:
    "color-convert" "^1.9.1"
    "color-string" "^1.5.2"

"colors@^1.2.1":
  "integrity" "sha512-a+UqTh4kgZg/SlGvfbzDHpgRu7AAQOmmqRHJnxhRZICKFUT91brVhNNt58CMWU9PsBbv3PDCZUHbVxuDiH2mtA=="
  "resolved" "https://registry.npmjs.org/colors/-/colors-1.4.0.tgz"
  "version" "1.4.0"

"colorspace@1.1.x":
  "integrity" "sha512-vt+OoIP2d76xLhjwbBaucYlNSpPsrJWPlBTtwCpQKIu6/CSMutyzX93O/Do0qzpH3YoHEes8YEFXyZ797rEhzQ=="
  "resolved" "https://registry.npmjs.org/colorspace/-/colorspace-1.1.2.tgz"
  "version" "1.1.2"
  dependencies:
    "color" "3.0.x"
    "text-hex" "1.0.x"

"commander@^8.1.0":
  "integrity" "sha512-mf45ldcuHSYShkplHHGKWb4TrmwQadxOn7v4WuhDJy0ZVoY5JFajaRDKD0PNe5qXzBX0rhovjTnP6Kz9LETcuA=="
  "resolved" "https://registry.npmjs.org/commander/-/commander-8.1.0.tgz"
  "version" "8.1.0"

"core-util-is@~1.0.0":
  "integrity" "sha512-ZQBvi1DcpJ4GDqanjucZ2Hj3wEO5pZDS89BWbkcrvdxksJorwUDDZamX9ldFkp9aw2lmBDLgkObEA4DWNJ9FYQ=="
  "resolved" "https://registry.npmjs.org/core-util-is/-/core-util-is-1.0.3.tgz"
  "version" "1.0.3"

"enabled@2.0.x":
  "integrity" "sha512-AKrN98kuwOzMIdAizXGI86UFBoo26CL21UM763y1h/GMSJ4/OHU9k2YlsmBpyScFo/wbLzWQJBMCW4+IO3/+OQ=="
  "resolved" "https://registry.npmjs.org/enabled/-/enabled-2.0.0.tgz"
  "version" "2.0.0"

"entities@2.2.0":
  "integrity" "sha512-p92if5Nz619I0w+akJrLZH0MX0Pb5DX39XOwQTtXSdQQOaYH03S1uIQp4mhOZtAXrxq4ViO67YTiLBo2638o9A=="
  "resolved" "https://registry.npmjs.org/entities/-/entities-2.2.0.tgz"
  "version" "2.2.0"

"fast-safe-stringify@^2.0.4":
  "integrity" "sha512-W+KJc2dmILlPplD/H4K9l9LcAHAfPtP6BY84uVLXQ6Evcz9Lcg33Y2z1IVblT6xdY54PXYVHEv+0Wpq8Io6zkA=="
  "resolved" "https://registry.npmjs.org/fast-safe-stringify/-/fast-safe-stringify-2.1.1.tgz"
  "version" "2.1.1"

"fast-xml-parser@3.19.0":
  "integrity" "sha512-4pXwmBplsCPv8FOY1WRakF970TjNGnGnfbOnLqjlYvMiF1SR3yOHyxMR/YCXpPTOspNF5gwudqktIP4VsWkvBg=="
  "resolved" "https://registry.npmjs.org/fast-xml-parser/-/fast-xml-parser-3.19.0.tgz"
  "version" "3.19.0"

"fecha@^4.2.0":
  "integrity" "sha512-MMMQ0ludy/nBs1/o0zVOiKTpG7qMbonKUzjJgQFEuvq6INZ1OraKPRAWkBq5vlKLOUMpmNYG1JoN3oDPUQ9m3Q=="
  "resolved" "https://registry.npmjs.org/fecha/-/fecha-4.2.1.tgz"
  "version" "4.2.1"

"fn.name@1.x.x":
  "integrity" "sha512-GRnmB5gPyJpAhTQdSZTSp9uaPSvl09KoYcMQtsB9rQoOmzs9dH6ffeccH+Z+cv6P68Hu5bC6JjRh4Ah/mHSNRw=="
  "resolved" "https://registry.npmjs.org/fn.name/-/fn.name-1.1.0.tgz"
  "version" "1.1.0"

"inherits@^2.0.3", "inherits@~2.0.3":
  "integrity" "sha512-k/vGaX4/Yla3WzyMCvTQOXYeIHvqOKtnqBduzTHpzpQZzAskKMhZ2K+EnBiSM9zGSoIFeMpXKxa4dYeZIQqewQ=="
  "resolved" "https://registry.npmjs.org/inherits/-/inherits-2.0.4.tgz"
  "version" "2.0.4"

"inspecjs@^2.5.1":
  "integrity" "sha512-xbSS62RSaoopLzCp+jHcIp0lRgnlYPK97DwQ1fzsb+6gjlJR6Dbq18451nueFzI4GqHPgS2CN729lD9uFs0esQ=="
  "resolved" "https://registry.npmjs.org/inspecjs/-/inspecjs-2.5.1.tgz"
  "version" "2.5.1"

"is-arrayish@^0.3.1":
  "integrity" "sha512-eVRqCvVlZbuw3GrM63ovNSNAeA1K16kaR/LRY/92w0zxQ5/1YzwblUX652i4Xs9RwAGjW9d9y6X88t8OaAJfWQ=="
  "resolved" "https://registry.npmjs.org/is-arrayish/-/is-arrayish-0.3.2.tgz"
  "version" "0.3.2"

"is-stream@^2.0.0":
  "integrity" "sha512-hFoiJiTl63nn+kstHGBtewWSKnQLpyb155KHheA1l39uvtO9nWIop1p3udqPcUd/xbF1VLMO4n7OI6p7RbngDg=="
  "resolved" "https://registry.npmjs.org/is-stream/-/is-stream-2.0.1.tgz"
  "version" "2.0.1"

"isarray@~1.0.0":
  "integrity" "sha1-u5NdSFgsuhaMBoNJV6VKPgcSTxE="
  "resolved" "https://registry.npmjs.org/isarray/-/isarray-1.0.0.tgz"
  "version" "1.0.0"

"kuler@^2.0.0":
  "integrity" "sha512-Xq9nH7KlWZmXAtodXDDRE7vs6DU1gTU8zYDHDiWLSip45Egwq3plLHzPn27NgvzL2r1LMPC1vdqh98sQxtqj4A=="
  "resolved" "https://registry.npmjs.org/kuler/-/kuler-2.0.0.tgz"
  "version" "2.0.0"

"lodash@^4.17.21":
  "integrity" "sha512-v2kDEe57lecTulaDIuNTPy3Ry4gLGJ6Z1O3vE1krgXZNrsQ+LFTGHVxVjcXPs17LhbZVGedAJv8XZ1tvj5FvSg=="
  "resolved" "https://registry.npmjs.org/lodash/-/lodash-4.17.21.tgz"
  "version" "4.17.21"

"logform@^2.2.0":
  "integrity" "sha512-N0qPlqfypFx7UHNn4B3lzS/b0uLqt2hmuoa+PpuXNYgozdJYAyauF5Ky0BWVjrxDlMWiT3qN4zPq3vVAfZy7Yg=="
  "resolved" "https://registry.npmjs.org/logform/-/logform-2.2.0.tgz"
  "version" "2.2.0"
  dependencies:
    "colors" "^1.2.1"
    "fast-safe-stringify" "^2.0.4"
    "fecha" "^4.2.0"
    "ms" "^2.1.1"
    "triple-beam" "^1.3.0"

"ms@^2.1.1":
  "integrity" "sha512-6FlzubTLZG3J2a/NVCAleEhjzq5oxgHyaCU9yYXvcLsvoVaHJq/s5xXI6/XXP6tz7R9xAOtHnSO/tXtF3WRTlA=="
  "resolved" "https://registry.npmjs.org/ms/-/ms-2.1.3.tgz"
  "version" "2.1.3"

"one-time@^1.0.0":
  "integrity" "sha512-5DXOiRKwuSEcQ/l0kGCF6Q3jcADFv5tSmRaJck/OqkVFcOzutB134KRSfF0xDrL39MNnqxbHBbUUcjZIhTgb2g=="
  "resolved" "https://registry.npmjs.org/one-time/-/one-time-1.0.0.tgz"
  "version" "1.0.0"
  dependencies:
    "fn.name" "1.x.x"

"process-nextick-args@~2.0.0":
  "integrity" "sha512-3ouUOpQhtgrbOa17J7+uxOTpITYWaGP7/AhoR3+A+/1e9skrzelGi/dXzEYyvbxubEF6Wn2ypscTKiKJFFn1ag=="
  "resolved" "https://registry.npmjs.org/process-nextick-args/-/process-nextick-args-2.0.1.tgz"
  "version" "2.0.1"

"readable-stream@^2.3.7":
  "integrity" "sha512-Ebho8K4jIbHAxnuxi7o42OrZgF/ZTNcsZj6nRKyUmkhLFq8CHItp/fy6hQZuZmP/n3yZ9VBUbp4zz/mX8hmYPw=="
  "resolved" "https://registry.npmjs.org/readable-stream/-/readable-stream-2.3.7.tgz"
  "version" "2.3.7"
  dependencies:
    "core-util-is" "~1.0.0"
    "inherits" "~2.0.3"
    "isarray" "~1.0.0"
    "process-nextick-args" "~2.0.0"
    "safe-buffer" "~5.1.1"
    "string_decoder" "~1.1.1"
    "util-deprecate" "~1.0.1"

"readable-stream@^3.4.0":
  "integrity" "sha512-BViHy7LKeTz4oNnkcLJ+lVSL6vpiFeX6/d3oSH8zCW7UxP2onchk+vTGB143xuFjHS3deTgkKoXXymXqymiIdA=="
  "resolved" "https://registry.npmjs.org/readable-stream/-/readable-stream-3.6.0.tgz"
  "version" "3.6.0"
  dependencies:
    "inherits" "^2.0.3"
    "string_decoder" "^1.1.1"
    "util-deprecate" "^1.0.1"

"safe-buffer@~5.1.0", "safe-buffer@~5.1.1":
  "integrity" "sha512-Gd2UZBJDkXlY7GbJxfsE8/nvKkUEU1G38c1siN6QP6a9PT9MmHB8GnpscSmMJSoF8LOIrt8ud/wPtojys4G6+g=="
  "resolved" "https://registry.npmjs.org/safe-buffer/-/safe-buffer-5.1.2.tgz"
  "version" "5.1.2"

"safe-buffer@~5.2.0":
  "integrity" "sha512-rp3So07KcdmmKbGvgaNxQSJr7bGVSVk5S9Eq1F+ppbRo70+YeaDxkw5Dd8NPN+GD6bjnYm2VuPuCXmpuYvmCXQ=="
  "resolved" "https://registry.npmjs.org/safe-buffer/-/safe-buffer-5.2.1.tgz"
  "version" "5.2.1"

"simple-swizzle@^0.2.2":
  "integrity" "sha1-pNprY1/8zMoz9w0Xy5JZLeleVXo="
  "resolved" "https://registry.npmjs.org/simple-swizzle/-/simple-swizzle-0.2.2.tgz"
  "version" "0.2.2"
  dependencies:
    "is-arrayish" "^0.3.1"

"stack-trace@0.0.x":
  "integrity" "sha1-VHxws0fo0ytOEI6hoqFZ5f3eGcA="
  "resolved" "https://registry.npmjs.org/stack-trace/-/stack-trace-0.0.10.tgz"
  "version" "0.0.10"

"string_decoder@^1.1.1":
  "integrity" "sha512-hkRX8U1WjJFd8LsDJ2yQ/wWWxaopEsABU1XfkM8A+j0+85JAGppt16cr1Whg6KIbb4okU6Mql6BOj+uup/wKeA=="
  "resolved" "https://registry.npmjs.org/string_decoder/-/string_decoder-1.3.0.tgz"
  "version" "1.3.0"
  dependencies:
    "safe-buffer" "~5.2.0"

"string_decoder@~1.1.1":
  "integrity" "sha512-n/ShnvDi6FHbbVfviro+WojiFzv+s8MPMHBczVePfUpDJLwoLT0ht1l4YwBCbi8pJAveEEdnkHyPyTP/mzRfwg=="
  "resolved" "https://registry.npmjs.org/string_decoder/-/string_decoder-1.1.1.tgz"
  "version" "1.1.1"
  dependencies:
    "safe-buffer" "~5.1.0"

"text-hex@1.0.x":
  "integrity" "sha512-uuVGNWzgJ4yhRaNSiubPY7OjISw4sw4E5Uv0wbjp+OzcbmVU/rsT8ujgcXJhn9ypzsgr5vlzpPqP+MBBKcGvbg=="
  "resolved" "https://registry.npmjs.org/text-hex/-/text-hex-1.0.0.tgz"
  "version" "1.0.0"

"triple-beam@^1.2.0", "triple-beam@^1.3.0":
  "integrity" "sha512-XrHUvV5HpdLmIj4uVMxHggLbFSZYIn7HEWsqePZcI50pco+MPqJ50wMGY794X7AOOhxOBAjbkqfAbEe/QMp2Lw=="
  "resolved" "https://registry.npmjs.org/triple-beam/-/triple-beam-1.3.0.tgz"
  "version" "1.3.0"

"tslib@^1.11.1":
  "integrity" "sha512-Xni35NKzjgMrwevysHTCArtLDpPvye8zV/0E4EyYn43P7/7qvQwPh9BGkHewbMulVntbigmcT7rdX3BNo9wRJg=="
  "resolved" "https://registry.npmjs.org/tslib/-/tslib-1.14.1.tgz"
  "version" "1.14.1"

"tslib@^2.3.0":
  "integrity" "sha512-77EbyPPpMz+FRFRuAFlWMtmgUWGe9UOG2Z25NqCwiIjRhOf5iKGuzSe5P2w1laq+FkRy4p+PCuVkJSGkzTEKVw=="
  "resolved" "https://registry.npmjs.org/tslib/-/tslib-2.3.1.tgz"
  "version" "2.3.1"

"typescript@^4.4.2":
  "integrity" "sha512-gzP+t5W4hdy4c+68bfcv0t400HVJMMd2+H9B7gae1nQlBzCqvrXX+6GL/b3GAgyTH966pzrZ70/fRjwAtZksSQ=="
  "resolved" "https://registry.npmjs.org/typescript/-/typescript-4.4.2.tgz"
  "version" "4.4.2"

"util-deprecate@^1.0.1", "util-deprecate@~1.0.1":
  "integrity" "sha1-RQ1Nyfpw3nMnYvvS1KKJgUGaDM8="
  "resolved" "https://registry.npmjs.org/util-deprecate/-/util-deprecate-1.0.2.tgz"
  "version" "1.0.2"

"uuid@^8.3.2":
  "integrity" "sha512-+NYs2QeMWy+GWFOEm9xnn6HCDp0l7QBD7ml8zLUmJ+93Q5NF0NocErnwkTkXVFNiX3/fpC6afS8Dhb/gz7R7eg=="
  "resolved" "https://registry.npmjs.org/uuid/-/uuid-8.3.2.tgz"
  "version" "8.3.2"

"winston-transport@^4.4.0":
  "integrity" "sha512-Lc7/p3GtqtqPBYYtS6KCN3c77/2QCev51DvcJKbkFPQNoj1sinkGwLGFDxkXY9J6p9+EPnYs+D90uwbnaiURTw=="
  "resolved" "https://registry.npmjs.org/winston-transport/-/winston-transport-4.4.0.tgz"
  "version" "4.4.0"
  dependencies:
    "readable-stream" "^2.3.7"
    "triple-beam" "^1.2.0"

"winston@*", "winston@^3.3.3":
  "integrity" "sha512-oEXTISQnC8VlSAKf1KYSSd7J6IWuRPQqDdo8eoRNaYKLvwSb5+79Z3Yi1lrl6KDpU6/VWaxpakDAtb1oQ4n9aw=="
  "resolved" "https://registry.npmjs.org/winston/-/winston-3.3.3.tgz"
  "version" "3.3.3"
  dependencies:
    "@dabh/diagnostics" "^2.0.2"
    "async" "^3.1.0"
    "is-stream" "^2.0.0"
    "logform" "^2.2.0"
    "one-time" "^1.0.0"
    "readable-stream" "^3.4.0"
    "stack-trace" "0.0.x"
    "triple-beam" "^1.3.0"
    "winston-transport" "^4.4.0"
