# THIS IS AN AUTOGENERATED FILE. DO NOT EDIT THIS FILE DIRECTLY.
# yarn lockfile v1


"@aws-crypto/ie11-detection@^1.0.0":
  version "1.0.0"
  resolved "https://registry.yarnpkg.com/@aws-crypto/ie11-detection/-/ie11-detection-1.0.0.tgz#d3a6af29ba7f15458f79c41d1cd8cac3925e726a"
  integrity sha512-kCKVhCF1oDxFYgQrxXmIrS5oaWulkvRcPz+QBDMsUr2crbF4VGgGT6+uQhSwJFdUAQ2A//Vq+uT83eJrkzFgXA==
  dependencies:
    tslib "^1.11.1"

"@aws-crypto/sha256-browser@^1.0.0":
  version "1.1.1"
  resolved "https://registry.yarnpkg.com/@aws-crypto/sha256-browser/-/sha256-browser-1.1.1.tgz#85dddf13e8f8d74c0d6592d993e4bf401da9f420"
  integrity sha512-nS4vdan97It6HcweV58WXtjPbPSc0JXd3sAwlw3Ou5Mc3WllSycAS32Tv2LRn8butNQoU9AE3jEQAOgiMdNC1Q==
  dependencies:
    "@aws-crypto/ie11-detection" "^1.0.0"
    "@aws-crypto/sha256-js" "^1.1.0"
    "@aws-crypto/supports-web-crypto" "^1.0.0"
    "@aws-sdk/types" "^3.1.0"
    "@aws-sdk/util-locate-window" "^3.0.0"
    "@aws-sdk/util-utf8-browser" "^3.0.0"
    tslib "^1.11.1"

"@aws-crypto/sha256-js@^1.0.0", "@aws-crypto/sha256-js@^1.1.0":
  version "1.1.0"
  resolved "https://registry.yarnpkg.com/@aws-crypto/sha256-js/-/sha256-js-1.1.0.tgz#a58386ad18186e392e0f1d98d18831261d27b071"
  integrity sha512-VIhuqbPgXDVr8sZe2yhgQcDRRmzf4CI8fmC1A3bHiRfE6wlz1d8KpeemqbuoEHotz/Dch9yOxlshyQDNjNFeHA==
  dependencies:
    "@aws-sdk/types" "^3.1.0"
    "@aws-sdk/util-utf8-browser" "^3.0.0"
    tslib "^1.11.1"

"@aws-crypto/supports-web-crypto@^1.0.0":
  version "1.0.0"
  resolved "https://registry.yarnpkg.com/@aws-crypto/supports-web-crypto/-/supports-web-crypto-1.0.0.tgz#c40901bc17ac1e875e248df16a2b47ad8bfd9a93"
  integrity sha512-IHLfv+WmVH89EW4n6a5eE8/hUlz6qkWGMn/v4r5ZgzcXdTC5nolii2z3k46y01hWRiC2PPhOdeSLzMUCUMco7g==
  dependencies:
    tslib "^1.11.1"

"@aws-sdk/abort-controller@3.29.0":
  version "3.29.0"
  resolved "https://registry.yarnpkg.com/@aws-sdk/abort-controller/-/abort-controller-3.29.0.tgz#8c031bc78ca08e93c8d0af6e55bc5df08f527ba3"
  integrity sha512-MLeexxMs06WkPKuA/ltOCA3TV+vN1WQjEhojNtylQzz/AJDDq4z/7nmIf4lJKM7h1PDuD4XHLPfbxNuv75mu6A==
  dependencies:
    "@aws-sdk/types" "3.29.0"
    tslib "^2.3.0"

"@aws-sdk/client-securityhub@^3.31.0":
  version "3.31.0"
  resolved "https://registry.yarnpkg.com/@aws-sdk/client-securityhub/-/client-securityhub-3.31.0.tgz#f28ecb13436e0e648933b4ac9e838fff60a6e390"
  integrity sha512-AplXTIHps2OGj7YAyCa3OZpX/anv8lnwXduwCYLrrBhm3MqXauDsndwkhMoS3SiOrIMTuzR/G/1lNBepaqRiGQ==
  dependencies:
    "@aws-crypto/sha256-browser" "^1.0.0"
    "@aws-crypto/sha256-js" "^1.0.0"
    "@aws-sdk/client-sts" "3.31.0"
    "@aws-sdk/config-resolver" "3.30.0"
    "@aws-sdk/credential-provider-node" "3.31.0"
    "@aws-sdk/fetch-http-handler" "3.29.0"
    "@aws-sdk/hash-node" "3.29.0"
    "@aws-sdk/invalid-dependency" "3.29.0"
    "@aws-sdk/middleware-content-length" "3.29.0"
    "@aws-sdk/middleware-host-header" "3.29.0"
    "@aws-sdk/middleware-logger" "3.29.0"
    "@aws-sdk/middleware-retry" "3.29.0"
    "@aws-sdk/middleware-serde" "3.29.0"
    "@aws-sdk/middleware-signing" "3.30.0"
    "@aws-sdk/middleware-stack" "3.29.0"
    "@aws-sdk/middleware-user-agent" "3.29.0"
    "@aws-sdk/node-config-provider" "3.29.0"
    "@aws-sdk/node-http-handler" "3.29.0"
    "@aws-sdk/protocol-http" "3.29.0"
    "@aws-sdk/smithy-client" "3.31.0"
    "@aws-sdk/types" "3.29.0"
    "@aws-sdk/url-parser" "3.29.0"
    "@aws-sdk/util-base64-browser" "3.29.0"
    "@aws-sdk/util-base64-node" "3.29.0"
    "@aws-sdk/util-body-length-browser" "3.29.0"
    "@aws-sdk/util-body-length-node" "3.29.0"
    "@aws-sdk/util-user-agent-browser" "3.29.0"
    "@aws-sdk/util-user-agent-node" "3.29.0"
    "@aws-sdk/util-utf8-browser" "3.29.0"
    "@aws-sdk/util-utf8-node" "3.29.0"
    tslib "^2.3.0"

"@aws-sdk/client-sso@3.31.0":
  version "3.31.0"
  resolved "https://registry.yarnpkg.com/@aws-sdk/client-sso/-/client-sso-3.31.0.tgz#c0b2a98a001d27334fba9877599d9d9ba5034000"
  integrity sha512-fbquWlOS8+uotT2aZexK/3g85NYt2T5LpfWnk9mPV5HWfoevqTz9kwsZEW4DTnW9zibRl89vwXKolNpyszuZnw==
  dependencies:
    "@aws-crypto/sha256-browser" "^1.0.0"
    "@aws-crypto/sha256-js" "^1.0.0"
    "@aws-sdk/config-resolver" "3.30.0"
    "@aws-sdk/fetch-http-handler" "3.29.0"
    "@aws-sdk/hash-node" "3.29.0"
    "@aws-sdk/invalid-dependency" "3.29.0"
    "@aws-sdk/middleware-content-length" "3.29.0"
    "@aws-sdk/middleware-host-header" "3.29.0"
    "@aws-sdk/middleware-logger" "3.29.0"
    "@aws-sdk/middleware-retry" "3.29.0"
    "@aws-sdk/middleware-serde" "3.29.0"
    "@aws-sdk/middleware-stack" "3.29.0"
    "@aws-sdk/middleware-user-agent" "3.29.0"
    "@aws-sdk/node-config-provider" "3.29.0"
    "@aws-sdk/node-http-handler" "3.29.0"
    "@aws-sdk/protocol-http" "3.29.0"
    "@aws-sdk/smithy-client" "3.31.0"
    "@aws-sdk/types" "3.29.0"
    "@aws-sdk/url-parser" "3.29.0"
    "@aws-sdk/util-base64-browser" "3.29.0"
    "@aws-sdk/util-base64-node" "3.29.0"
    "@aws-sdk/util-body-length-browser" "3.29.0"
    "@aws-sdk/util-body-length-node" "3.29.0"
    "@aws-sdk/util-user-agent-browser" "3.29.0"
    "@aws-sdk/util-user-agent-node" "3.29.0"
    "@aws-sdk/util-utf8-browser" "3.29.0"
    "@aws-sdk/util-utf8-node" "3.29.0"
    tslib "^2.3.0"

"@aws-sdk/client-sts@3.31.0":
  version "3.31.0"
  resolved "https://registry.yarnpkg.com/@aws-sdk/client-sts/-/client-sts-3.31.0.tgz#fd0c3dd5cece9a6f8e5935fffcf11d7090d287ef"
  integrity sha512-XL8l88iUHPxfByFPp9a9eZV6Shb9QijHM+aGJPFU5zYvX3ruclfuBIs/3gLgqeX8rsmjt8AfeICxaP4BwJcaZA==
  dependencies:
    "@aws-crypto/sha256-browser" "^1.0.0"
    "@aws-crypto/sha256-js" "^1.0.0"
    "@aws-sdk/config-resolver" "3.30.0"
    "@aws-sdk/credential-provider-node" "3.31.0"
    "@aws-sdk/fetch-http-handler" "3.29.0"
    "@aws-sdk/hash-node" "3.29.0"
    "@aws-sdk/invalid-dependency" "3.29.0"
    "@aws-sdk/middleware-content-length" "3.29.0"
    "@aws-sdk/middleware-host-header" "3.29.0"
    "@aws-sdk/middleware-logger" "3.29.0"
    "@aws-sdk/middleware-retry" "3.29.0"
    "@aws-sdk/middleware-sdk-sts" "3.30.0"
    "@aws-sdk/middleware-serde" "3.29.0"
    "@aws-sdk/middleware-signing" "3.30.0"
    "@aws-sdk/middleware-stack" "3.29.0"
    "@aws-sdk/middleware-user-agent" "3.29.0"
    "@aws-sdk/node-config-provider" "3.29.0"
    "@aws-sdk/node-http-handler" "3.29.0"
    "@aws-sdk/protocol-http" "3.29.0"
    "@aws-sdk/smithy-client" "3.31.0"
    "@aws-sdk/types" "3.29.0"
    "@aws-sdk/url-parser" "3.29.0"
    "@aws-sdk/util-base64-browser" "3.29.0"
    "@aws-sdk/util-base64-node" "3.29.0"
    "@aws-sdk/util-body-length-browser" "3.29.0"
    "@aws-sdk/util-body-length-node" "3.29.0"
    "@aws-sdk/util-user-agent-browser" "3.29.0"
    "@aws-sdk/util-user-agent-node" "3.29.0"
    "@aws-sdk/util-utf8-browser" "3.29.0"
    "@aws-sdk/util-utf8-node" "3.29.0"
    entities "2.2.0"
    fast-xml-parser "3.19.0"
    tslib "^2.3.0"

"@aws-sdk/config-resolver@3.30.0":
  version "3.30.0"
  resolved "https://registry.yarnpkg.com/@aws-sdk/config-resolver/-/config-resolver-3.30.0.tgz#858d67070f1d9e3f8f49a86f8351076539fcb8b4"
  integrity sha512-1qb8WB2uiH2O1UYc98adfmQX3/Rxh1bwU1VW2FxEfCGBTT6wi+Ic1nVTdVy+2gd3usCeIim5mEs8REXgvjLENQ==
  dependencies:
    "@aws-sdk/signature-v4" "3.30.0"
    "@aws-sdk/types" "3.29.0"
    tslib "^2.3.0"

"@aws-sdk/credential-provider-env@3.29.0":
  version "3.29.0"
  resolved "https://registry.yarnpkg.com/@aws-sdk/credential-provider-env/-/credential-provider-env-3.29.0.tgz#04471bcc5597392e885f3ee44d2638f40c51b9b8"
  integrity sha512-FUhdZODjkUeTFNfH7EnqN9piQwBR1gg+8NUJt6Rn7G4rj5lN2n2ryAatowIlzIB+/oWDvpPj+yMIE+XGjQrMhg==
  dependencies:
    "@aws-sdk/property-provider" "3.29.0"
    "@aws-sdk/types" "3.29.0"
    tslib "^2.3.0"

"@aws-sdk/credential-provider-imds@3.29.0":
  version "3.29.0"
  resolved "https://registry.yarnpkg.com/@aws-sdk/credential-provider-imds/-/credential-provider-imds-3.29.0.tgz#d02927ea203d3c0f966e296a2432f4fd236ec90d"
  integrity sha512-sjyJrJoLhP2ekx+Z3m5g+/YIWYtuKII9eXuTTwRhzBKTpqv0WQm1ilISdNcz691JueF5jHQs4bP6FWk55RUWEg==
  dependencies:
    "@aws-sdk/node-config-provider" "3.29.0"
    "@aws-sdk/property-provider" "3.29.0"
    "@aws-sdk/types" "3.29.0"
    "@aws-sdk/url-parser" "3.29.0"
    tslib "^2.3.0"

"@aws-sdk/credential-provider-ini@3.31.0":
  version "3.31.0"
  resolved "https://registry.yarnpkg.com/@aws-sdk/credential-provider-ini/-/credential-provider-ini-3.31.0.tgz#61a78f4e2b81362319b24eaa276c49691ed863ee"
  integrity sha512-t95Gix2fWLIxrM2c2QZfRgJ1aCY1zGSlhb1JBlzPwxVRay7iUKa9U2dPoPhbOTsD1abQMjE4AnpDt9Bj+AXgyA==
  dependencies:
    "@aws-sdk/credential-provider-env" "3.29.0"
    "@aws-sdk/credential-provider-imds" "3.29.0"
    "@aws-sdk/credential-provider-sso" "3.31.0"
    "@aws-sdk/credential-provider-web-identity" "3.29.0"
    "@aws-sdk/property-provider" "3.29.0"
    "@aws-sdk/shared-ini-file-loader" "3.29.0"
    "@aws-sdk/types" "3.29.0"
    "@aws-sdk/util-credentials" "3.29.0"
    tslib "^2.3.0"

"@aws-sdk/credential-provider-node@3.31.0":
  version "3.31.0"
  resolved "https://registry.yarnpkg.com/@aws-sdk/credential-provider-node/-/credential-provider-node-3.31.0.tgz#e3d33a12e6e51345d5f0a66605dfd85b98f3e065"
  integrity sha512-T5309Q/MPHmaKYX0gSo6dv8w1ll4wsXvAUDXFC3MMdL/WYBfYvJa9H5nB9D9bL0xmtsm9e3WtfAcvEkN8Qz1xg==
  dependencies:
    "@aws-sdk/credential-provider-env" "3.29.0"
    "@aws-sdk/credential-provider-imds" "3.29.0"
    "@aws-sdk/credential-provider-ini" "3.31.0"
    "@aws-sdk/credential-provider-process" "3.29.0"
    "@aws-sdk/credential-provider-sso" "3.31.0"
    "@aws-sdk/credential-provider-web-identity" "3.29.0"
    "@aws-sdk/property-provider" "3.29.0"
    "@aws-sdk/shared-ini-file-loader" "3.29.0"
    "@aws-sdk/types" "3.29.0"
    "@aws-sdk/util-credentials" "3.29.0"
    tslib "^2.3.0"

"@aws-sdk/credential-provider-process@3.29.0":
  version "3.29.0"
  resolved "https://registry.yarnpkg.com/@aws-sdk/credential-provider-process/-/credential-provider-process-3.29.0.tgz#3e38ce4d06b116ed6dbfb98b0ca7dcfcdd48d656"
  integrity sha512-1dMq84uGh3zcu+/bGohibWYMSxcrjwaIAc4dBU/3+rkNzPPdRA83hzYS34EizQ61JQHnM3z/xX9SLMeaNRKaSA==
  dependencies:
    "@aws-sdk/property-provider" "3.29.0"
    "@aws-sdk/shared-ini-file-loader" "3.29.0"
    "@aws-sdk/types" "3.29.0"
    "@aws-sdk/util-credentials" "3.29.0"
    tslib "^2.3.0"

"@aws-sdk/credential-provider-sso@3.31.0":
  version "3.31.0"
  resolved "https://registry.yarnpkg.com/@aws-sdk/credential-provider-sso/-/credential-provider-sso-3.31.0.tgz#a22bae0d23fd86d7eba5ab3da2e853babd290eeb"
  integrity sha512-x+xQvq8AFt+V1EpwRWa3Obsd1w2L7pQyP/P6O9Q5Enq6OwmdrM+i51jMD58QMRz4h+Ys5eaLLfi0wE0AjrUbng==
  dependencies:
    "@aws-sdk/client-sso" "3.31.0"
    "@aws-sdk/property-provider" "3.29.0"
    "@aws-sdk/shared-ini-file-loader" "3.29.0"
    "@aws-sdk/types" "3.29.0"
    "@aws-sdk/util-credentials" "3.29.0"
    tslib "^2.3.0"

"@aws-sdk/credential-provider-web-identity@3.29.0":
  version "3.29.0"
  resolved "https://registry.yarnpkg.com/@aws-sdk/credential-provider-web-identity/-/credential-provider-web-identity-3.29.0.tgz#604d751de42cf715157bedb1c8ade6cb862dd03e"
  integrity sha512-TwICG9y/iw08urlCymroQfRRJY++4JZwdhR0/2ycU+/Cgac6u4MfZsB1qD+u9+Q39/TqSz6QwtNhKLNdf0N23A==
  dependencies:
    "@aws-sdk/property-provider" "3.29.0"
    "@aws-sdk/types" "3.29.0"
    tslib "^2.3.0"

"@aws-sdk/fetch-http-handler@3.29.0":
  version "3.29.0"
  resolved "https://registry.yarnpkg.com/@aws-sdk/fetch-http-handler/-/fetch-http-handler-3.29.0.tgz#cec542a582accb7fe2a08bf3d500d978c0df2243"
  integrity sha512-rx+YlHFYzgGsCZMEvJBUdRsqfMGW4RY6J3USQvz63a32jVlMC3Kw9xINaXGhCEmOlUlzdeeIMQOZW5VxavLnjQ==
  dependencies:
    "@aws-sdk/protocol-http" "3.29.0"
    "@aws-sdk/querystring-builder" "3.29.0"
    "@aws-sdk/types" "3.29.0"
    "@aws-sdk/util-base64-browser" "3.29.0"
    tslib "^2.3.0"

"@aws-sdk/hash-node@3.29.0":
  version "3.29.0"
  resolved "https://registry.yarnpkg.com/@aws-sdk/hash-node/-/hash-node-3.29.0.tgz#58d1bf14a76fbbf29c67c29a25de6cde122f7e30"
  integrity sha512-iANkXAGNgUSX17GjyTdrFRE357AmAgnIsuyKhuaK8vi4SPPxHYCyXOdxtUx5TjkzW4bUym3cRJS8zeirayTEHA==
  dependencies:
    "@aws-sdk/types" "3.29.0"
    "@aws-sdk/util-buffer-from" "3.29.0"
    tslib "^2.3.0"

"@aws-sdk/invalid-dependency@3.29.0":
  version "3.29.0"
  resolved "https://registry.yarnpkg.com/@aws-sdk/invalid-dependency/-/invalid-dependency-3.29.0.tgz#073c57211149288520719e2663a23aa36b7e9c3d"
  integrity sha512-0TyZZbPs5SWCF2tT1DXccK5SUx7/bDJCVojgBuW3QRJn9ta3US/u5l7w8k6jwWFU3CQhLAWuG0TD7FhATiM2HQ==
  dependencies:
    "@aws-sdk/types" "3.29.0"
    tslib "^2.3.0"

"@aws-sdk/is-array-buffer@3.29.0":
  version "3.29.0"
  resolved "https://registry.yarnpkg.com/@aws-sdk/is-array-buffer/-/is-array-buffer-3.29.0.tgz#a2014f2a2ea23b0dbb7c41945a465bf666e7016c"
  integrity sha512-QqIhHGp2qTfDlW7uNh/T4kcyAU2TfxHA29cppQusuTJjploAXXMzvBdmxjFH1ZvPbKs0Rd7owQ0YnC9Lnq+Nzg==
  dependencies:
    tslib "^2.3.0"

"@aws-sdk/middleware-content-length@3.29.0":
  version "3.29.0"
  resolved "https://registry.yarnpkg.com/@aws-sdk/middleware-content-length/-/middleware-content-length-3.29.0.tgz#3485f5e78ac18fef466a397a8ba1490fd3f9e9a4"
  integrity sha512-g+tOOXQXqKG84XwFrJexZa2iTuYJce9jnjHV4vyfXwVuKrwuf+ZFguPZ4hzEd40vDo5aLM49JtF/OcO4plCneg==
  dependencies:
    "@aws-sdk/protocol-http" "3.29.0"
    "@aws-sdk/types" "3.29.0"
    tslib "^2.3.0"

"@aws-sdk/middleware-host-header@3.29.0":
  version "3.29.0"
  resolved "https://registry.yarnpkg.com/@aws-sdk/middleware-host-header/-/middleware-host-header-3.29.0.tgz#4c2be84fa0f990b49550412e659448987836dcb0"
  integrity sha512-aBifr86Owrhvy29cvZD17JzdoTtKMxzdjCkMA7ckNP+9Lg7kLI/6ws1yZ6BJlmcOnKxtNSnkvunGmJy8BU8EWQ==
  dependencies:
    "@aws-sdk/protocol-http" "3.29.0"
    "@aws-sdk/types" "3.29.0"
    tslib "^2.3.0"

"@aws-sdk/middleware-logger@3.29.0":
  version "3.29.0"
  resolved "https://registry.yarnpkg.com/@aws-sdk/middleware-logger/-/middleware-logger-3.29.0.tgz#a3f979734ecd59441ccdc322731adcb0bd26d1a8"
  integrity sha512-0rLvuTvfaMWNb7+FApXAH0111FEp/AfG3fO7QkyVrXmHlTrNIJozilhkd0FwEMcQqqM9UK5lPLXwloH9Rkp9vw==
  dependencies:
    "@aws-sdk/types" "3.29.0"
    tslib "^2.3.0"

"@aws-sdk/middleware-retry@3.29.0":
  version "3.29.0"
  resolved "https://registry.yarnpkg.com/@aws-sdk/middleware-retry/-/middleware-retry-3.29.0.tgz#06a20c371011751c1d19c8137cdf31f313e01dc7"
  integrity sha512-yRQ48UIGPmK3/jWMJ2LC4trltFevMDEXyvtT6knwDnwXxmuwv7K6udk6TnGaUU5TlLVI1XdRQHaZY7xZH1KbGw==
  dependencies:
    "@aws-sdk/protocol-http" "3.29.0"
    "@aws-sdk/service-error-classification" "3.29.0"
    "@aws-sdk/types" "3.29.0"
    tslib "^2.3.0"
    uuid "^8.3.2"

"@aws-sdk/middleware-sdk-sts@3.30.0":
  version "3.30.0"
  resolved "https://registry.yarnpkg.com/@aws-sdk/middleware-sdk-sts/-/middleware-sdk-sts-3.30.0.tgz#13aa56bdd2039ab75ec2b82d2ac2b967a20642ae"
  integrity sha512-TZQQ0LA/rjYNgV+DbU0KvyHZaNhihrWf4IeJeKoez1vpvQmU58G5zAm0+rVHbzazJaOQuHYKKdPttOPxl/JAAg==
  dependencies:
    "@aws-sdk/middleware-signing" "3.30.0"
    "@aws-sdk/property-provider" "3.29.0"
    "@aws-sdk/protocol-http" "3.29.0"
    "@aws-sdk/signature-v4" "3.30.0"
    "@aws-sdk/types" "3.29.0"
    tslib "^2.3.0"

"@aws-sdk/middleware-serde@3.29.0":
  version "3.29.0"
  resolved "https://registry.yarnpkg.com/@aws-sdk/middleware-serde/-/middleware-serde-3.29.0.tgz#49dbf16023ded6d3f3b766106b770ade70762f36"
  integrity sha512-jN6zuaXg3k9HiWJZjBROiVJEdFaZrMikhyVdqYTT3hR+i08M/9UgVuX84HP/dALChZazOn9MPhvPWGvxrMOr9A==
  dependencies:
    "@aws-sdk/types" "3.29.0"
    tslib "^2.3.0"

"@aws-sdk/middleware-signing@3.30.0":
  version "3.30.0"
  resolved "https://registry.yarnpkg.com/@aws-sdk/middleware-signing/-/middleware-signing-3.30.0.tgz#1596bdb827574939ee19745f6918f92087b583be"
  integrity sha512-T/zGCijEGODmpbS/HlwnxT0Bn69FhZpBrVAjfofLUFzHteJ5Ab2q7AEt1dOdi3GrtTGStdwbfiZVeTxMKIjaTw==
  dependencies:
    "@aws-sdk/property-provider" "3.29.0"
    "@aws-sdk/protocol-http" "3.29.0"
    "@aws-sdk/signature-v4" "3.30.0"
    "@aws-sdk/types" "3.29.0"
    tslib "^2.3.0"

"@aws-sdk/middleware-stack@3.29.0":
  version "3.29.0"
  resolved "https://registry.yarnpkg.com/@aws-sdk/middleware-stack/-/middleware-stack-3.29.0.tgz#b7a8a1fb76ea4499dd26f5ddb058608b5cd3d55f"
  integrity sha512-S6Jt108uxs/PEoLAgGow9SdMKWXhlg0EGgY77Z4pNPQDrBYoca2kwWeTsyTpgBXSsyV0z0WZB4TJK5/doGv6CA==
  dependencies:
    tslib "^2.3.0"

"@aws-sdk/middleware-user-agent@3.29.0":
  version "3.29.0"
  resolved "https://registry.yarnpkg.com/@aws-sdk/middleware-user-agent/-/middleware-user-agent-3.29.0.tgz#89f303ae348c2372cf627ff5a6b6c1501c82f450"
  integrity sha512-AVbn9QEbqBgScaD3cxLv7/yi9Up10vYKy/AWIwgTrW0LxOuy9+Za2hdk5eZRP/QpqS/Ibz2/CqcmK1GQ/03kmg==
  dependencies:
    "@aws-sdk/protocol-http" "3.29.0"
    "@aws-sdk/types" "3.29.0"
    tslib "^2.3.0"

"@aws-sdk/node-config-provider@3.29.0":
  version "3.29.0"
  resolved "https://registry.yarnpkg.com/@aws-sdk/node-config-provider/-/node-config-provider-3.29.0.tgz#8c16a0c2a2a78137af00552af8e78ff6700e321a"
  integrity sha512-ANRnPz4IT4FiSAc+9p0HqGSjL+cdzB2E68BFmbbGin0fZwhflX1BksjuUEibw8Emf8jvhvbUxdtAIUWctTYxOA==
  dependencies:
    "@aws-sdk/property-provider" "3.29.0"
    "@aws-sdk/shared-ini-file-loader" "3.29.0"
    "@aws-sdk/types" "3.29.0"
    tslib "^2.3.0"

"@aws-sdk/node-http-handler@3.29.0":
  version "3.29.0"
  resolved "https://registry.yarnpkg.com/@aws-sdk/node-http-handler/-/node-http-handler-3.29.0.tgz#44ee4e7221c11277ecdd11e88adb4fbd3f667348"
  integrity sha512-FnPdoK0hmEr2JO/g7MVE3oeC2TvMpoRDQqUnDrn9C1bzRzgzhHqGVyaiRmc1HECMKjPFYVn02NCzY4qx56K0Ag==
  dependencies:
    "@aws-sdk/abort-controller" "3.29.0"
    "@aws-sdk/protocol-http" "3.29.0"
    "@aws-sdk/querystring-builder" "3.29.0"
    "@aws-sdk/types" "3.29.0"
    tslib "^2.3.0"

"@aws-sdk/property-provider@3.29.0":
  version "3.29.0"
  resolved "https://registry.yarnpkg.com/@aws-sdk/property-provider/-/property-provider-3.29.0.tgz#f34f8fe5603dfe86a295705e8dc7c1064d0edd43"
  integrity sha512-N2fd3H4mGGE51PgmMbEzBGSNwcyPkEgMxgfZsrQUaFh+CE5uuelOAL70Yzr4IZ4yZJvf1F9e8drtCuUcHnSUEw==
  dependencies:
    "@aws-sdk/types" "3.29.0"
    tslib "^2.3.0"

"@aws-sdk/protocol-http@3.29.0":
  version "3.29.0"
  resolved "https://registry.yarnpkg.com/@aws-sdk/protocol-http/-/protocol-http-3.29.0.tgz#bb2d5a61effc21426e5dc93cbb1d61be71d2be0f"
  integrity sha512-OIeJ7ukfgGkaIL0/NNM5sxIlfxtOqQN+KoaQ89YeLBlJPVoKnptAw+eWjjLwxLs+r/SbyZHXbBawP+sbzq0mSQ==
  dependencies:
    "@aws-sdk/types" "3.29.0"
    tslib "^2.3.0"

"@aws-sdk/querystring-builder@3.29.0":
  version "3.29.0"
  resolved "https://registry.yarnpkg.com/@aws-sdk/querystring-builder/-/querystring-builder-3.29.0.tgz#a0e712c5f5bdc334acd6e10fdea966ca732c7a0e"
  integrity sha512-htrHPmwGfWxl/Mt0JpR63NmlDtmwMJTjvLVrdbxBBXfjiyB8023lEFfyMSDHzD6fegQcw/rOwaliQNAuaVNnXQ==
  dependencies:
    "@aws-sdk/types" "3.29.0"
    "@aws-sdk/util-uri-escape" "3.29.0"
    tslib "^2.3.0"

"@aws-sdk/querystring-parser@3.29.0":
  version "3.29.0"
  resolved "https://registry.yarnpkg.com/@aws-sdk/querystring-parser/-/querystring-parser-3.29.0.tgz#7611f972861b6543862a33192859e19814020521"
  integrity sha512-v22PBXafAHw+wMaSGbq4B9wEsSYV2e0nZgGHZBNML3HPDiAYJqsQHiYEbiz8nzkmoayU0wrVFZ/XfKNXXcXGbw==
  dependencies:
    "@aws-sdk/types" "3.29.0"
    tslib "^2.3.0"

"@aws-sdk/service-error-classification@3.29.0":
  version "3.29.0"
  resolved "https://registry.yarnpkg.com/@aws-sdk/service-error-classification/-/service-error-classification-3.29.0.tgz#f9046b4274dd3a5808003c16f9017e6ec7d0d864"
  integrity sha512-VqOjXXTLTGbifzg3Fg2g/Ac6W3uzC3llPZjm/b0goM17KLWMGU7JKiem2l+CFyN4sxkver7InNlIUJCJAPB6+Q==

"@aws-sdk/shared-ini-file-loader@3.29.0":
  version "3.29.0"
  resolved "https://registry.yarnpkg.com/@aws-sdk/shared-ini-file-loader/-/shared-ini-file-loader-3.29.0.tgz#548b45205d5abe65fe279e65f857da8888bfe754"
  integrity sha512-x4Chk4+iMiYaxcomZjdg7IwU1mQhJ7iPl/3RrIqCShPIOZDwwH4vLl6Fw0bniOZiHK30JQ1wlAgLxzVP0JMHTw==
  dependencies:
    tslib "^2.3.0"

"@aws-sdk/signature-v4@3.30.0":
  version "3.30.0"
  resolved "https://registry.yarnpkg.com/@aws-sdk/signature-v4/-/signature-v4-3.30.0.tgz#e7dbe9ad483f34063ccba4fdf14b4dcdf6222f9b"
  integrity sha512-uBvut8RrhXGunTDYuJMALlV8IaFHyZHPzadhrqx12QJT+LQevSB4CR2WXZknz0JZ4HcFvpaJqbiionLobwVEuQ==
  dependencies:
    "@aws-sdk/is-array-buffer" "3.29.0"
    "@aws-sdk/types" "3.29.0"
    "@aws-sdk/util-hex-encoding" "3.29.0"
    "@aws-sdk/util-uri-escape" "3.29.0"
    tslib "^2.3.0"

"@aws-sdk/smithy-client@3.31.0":
  version "3.31.0"
  resolved "https://registry.yarnpkg.com/@aws-sdk/smithy-client/-/smithy-client-3.31.0.tgz#bc18cd0c1504f0c9f708b2fe75559994ce959f56"
  integrity sha512-QZHOMM6npFyDEW8wrp8rLs+YGZIPRfuItlWHm6Upejp6a7s1ksb/1c44vNeqwnAeUJrdXfOX9QFkbh1+gZF21A==
  dependencies:
    "@aws-sdk/middleware-stack" "3.29.0"
    "@aws-sdk/types" "3.29.0"
    tslib "^2.3.0"

"@aws-sdk/types@3.29.0", "@aws-sdk/types@^3.1.0":
  version "3.29.0"
  resolved "https://registry.yarnpkg.com/@aws-sdk/types/-/types-3.29.0.tgz#792050dfd4ff97fca448160ca9f652d5f33514b0"
  integrity sha512-8ilWQU5ZTdiRfblmmjl38+6JZKKM8EqA5Sbn8djgDLShCLeVJ2TsL2guzNi+WHcL7BHdv1pI/NNmTcgRUo6yOw==

"@aws-sdk/url-parser@3.29.0":
  version "3.29.0"
  resolved "https://registry.yarnpkg.com/@aws-sdk/url-parser/-/url-parser-3.29.0.tgz#81d1279d74d6cac53d444a533c439bc839437ca0"
  integrity sha512-385f+g4xeRym2S4bzF+Nc0MB8addAlCSb5hIUJu1JKH6FwFLrNRuixeaelGLyWr77xv25P0ruyXQAFf2ISxzKw==
  dependencies:
    "@aws-sdk/querystring-parser" "3.29.0"
    "@aws-sdk/types" "3.29.0"
    tslib "^2.3.0"

"@aws-sdk/util-base64-browser@3.29.0":
  version "3.29.0"
  resolved "https://registry.yarnpkg.com/@aws-sdk/util-base64-browser/-/util-base64-browser-3.29.0.tgz#f6f012fe8198f964f84505417573813f1bc676fa"
  integrity sha512-yMgn5vZ7laVO/497iPDjTdmia3sDdFBDq6k42EZxVTpkUcd8JS2nWJ+9ePuIMwqOgPjhhkOOXiidrbZaUQ+L6Q==
  dependencies:
    tslib "^2.3.0"

"@aws-sdk/util-base64-node@3.29.0":
  version "3.29.0"
  resolved "https://registry.yarnpkg.com/@aws-sdk/util-base64-node/-/util-base64-node-3.29.0.tgz#238c55fe5387654ac29cf735d3e8179aba5a75ad"
  integrity sha512-4pRwjQ6+yS7SQm+yK3pchrsmGPEuoR2YiNsBG0LVNecQmnxWUbOhaEWIxXKTnAzs9bAt7AWEbLzsW8/cN/yTNw==
  dependencies:
    "@aws-sdk/util-buffer-from" "3.29.0"
    tslib "^2.3.0"

"@aws-sdk/util-body-length-browser@3.29.0":
  version "3.29.0"
  resolved "https://registry.yarnpkg.com/@aws-sdk/util-body-length-browser/-/util-body-length-browser-3.29.0.tgz#ecf46239979dfb4db163e2ac666f9c6d7a0dd8e6"
  integrity sha512-cKSwlDlZkcxuhSdoiq1TxleaBvveEgKA2Yo4TYP4DKVPHZuYZtbFv8r1driml1SaIKXg4GQpe+pJit3mxDRxAg==
  dependencies:
    tslib "^2.3.0"

"@aws-sdk/util-body-length-node@3.29.0":
  version "3.29.0"
  resolved "https://registry.yarnpkg.com/@aws-sdk/util-body-length-node/-/util-body-length-node-3.29.0.tgz#8d05623b2ffc17d7f564f9e73bdcc39aa8377986"
  integrity sha512-8rG65GMpsjVFd9jhx5y/dhwbJVIKq0OqwNRK+GoIVDo0KKaGtjNbCVHYYDjpwIuksZumiqvlC0E3AUcXn7p1rQ==
  dependencies:
    tslib "^2.3.0"

"@aws-sdk/util-buffer-from@3.29.0":
  version "3.29.0"
  resolved "https://registry.yarnpkg.com/@aws-sdk/util-buffer-from/-/util-buffer-from-3.29.0.tgz#037ae67f56b1cd54253702829a789b894e964ba1"
  integrity sha512-4ODxK5y/yONgsuc9SAzZ0j/v0IQkJVCRApziF4Q8NiZ1z9050nZ08rgTEhrTbWgLmDju4SDvJhn/nUNTrsLhug==
  dependencies:
    "@aws-sdk/is-array-buffer" "3.29.0"
    tslib "^2.3.0"

"@aws-sdk/util-credentials@3.29.0":
  version "3.29.0"
  resolved "https://registry.yarnpkg.com/@aws-sdk/util-credentials/-/util-credentials-3.29.0.tgz#de25ec3446eef327af2b69f9c54df1220035e2b3"
  integrity sha512-xCWQizP5d6SwbwB2HmxpDqu0WYY7/E7pNrZ+7tSMrJxZlT8Zsd+lFaO23JVFMEBqjjBnpLBr+XkNZgOpD1BYwA==
  dependencies:
    "@aws-sdk/shared-ini-file-loader" "3.29.0"
    tslib "^2.3.0"

"@aws-sdk/util-hex-encoding@3.29.0":
  version "3.29.0"
  resolved "https://registry.yarnpkg.com/@aws-sdk/util-hex-encoding/-/util-hex-encoding-3.29.0.tgz#b4e443d48c9077c67a68c825e52c13daff5b164f"
  integrity sha512-YZ9fhJ2HKnnPL+8M9/YMFo4906Cvh1NaVOZT61joPM5Vv1rSYXdD1/tvn2qNjVhAJAGFWdBsIqZWw43km5DNpw==
  dependencies:
    tslib "^2.3.0"

"@aws-sdk/util-locate-window@^3.0.0":
  version "3.29.0"
  resolved "https://registry.yarnpkg.com/@aws-sdk/util-locate-window/-/util-locate-window-3.29.0.tgz#a87bd77234864c2fffa98d33b58808e3553a9a18"
  integrity sha512-gvcbl9UdTOvuCCzgbtTTsKnL1l/cnT/CFl0f6ZCQ6qubUTRCuL/aK8DvgWa1n9p/ddCiVKPLmHu/L1xtX4gc0A==
  dependencies:
    tslib "^2.3.0"

"@aws-sdk/util-uri-escape@3.29.0":
  version "3.29.0"
  resolved "https://registry.yarnpkg.com/@aws-sdk/util-uri-escape/-/util-uri-escape-3.29.0.tgz#42e545e93556257b2291f955f7a3845aa1a0168d"
  integrity sha512-js834TiNTdwIZOxmGSCPiLETUoc2JslY07D6A+yLNI/kZmmTHa0tKCyPxMqo7LBb+iU9ymky2LLJuDGp6aZNHw==
  dependencies:
    tslib "^2.3.0"

"@aws-sdk/util-user-agent-browser@3.29.0":
  version "3.29.0"
  resolved "https://registry.yarnpkg.com/@aws-sdk/util-user-agent-browser/-/util-user-agent-browser-3.29.0.tgz#d238f6cfe1c4e23259588830b09e4565648edfb2"
  integrity sha512-se9WLQS3H36u8FUA3/DfnzH3LU77QBRpJN4FmQtcQHR3A5mR2tRty+eOrvIf2R4QtveMWXrQbvScTrca7ZFZug==
  dependencies:
    "@aws-sdk/types" "3.29.0"
    bowser "^2.11.0"
    tslib "^2.3.0"

"@aws-sdk/util-user-agent-node@3.29.0":
  version "3.29.0"
  resolved "https://registry.yarnpkg.com/@aws-sdk/util-user-agent-node/-/util-user-agent-node-3.29.0.tgz#08185e07ec41945121b1044f9ab8ccb41be44c6e"
  integrity sha512-atyjuDnD1WtIR1sZzcCJcD0JyYKGZ6bYqAhh/apaiPs0LoTyaFGYN8K7wSr3gL8PqD9YYNKfiNiPU3AbY6pW5A==
  dependencies:
    "@aws-sdk/node-config-provider" "3.29.0"
    "@aws-sdk/types" "3.29.0"
    tslib "^2.3.0"

"@aws-sdk/util-utf8-browser@3.29.0", "@aws-sdk/util-utf8-browser@^3.0.0":
  version "3.29.0"
  resolved "https://registry.yarnpkg.com/@aws-sdk/util-utf8-browser/-/util-utf8-browser-3.29.0.tgz#8d04f4159763c2dccaad4eb09bf2a6118dbfea12"
  integrity sha512-ZIHbBYByMq5vadQ1SZOQTHVtrkGAFiuypATYF5ST8YB3j7XKvflv+fiBX2xQ8xpqb28noEg6dNPnvqkQQ1n/aw==
  dependencies:
    tslib "^2.3.0"

"@aws-sdk/util-utf8-node@3.29.0":
  version "3.29.0"
  resolved "https://registry.yarnpkg.com/@aws-sdk/util-utf8-node/-/util-utf8-node-3.29.0.tgz#f83ebb686e746831308ae3bcbdb942822dc28ae0"
  integrity sha512-CIZPDnSvtfv7MeHM/hA1fHXcXJR2f7ULjw4nXsX/BLaKGKf/O6IhOXPt1ecUIpGeUrCgPCqxkDjmThUCa87Bcg==
  dependencies:
    "@aws-sdk/util-buffer-from" "3.29.0"
    tslib "^2.3.0"

"@dabh/diagnostics@^2.0.2":
  version "2.0.2"
  resolved "https://registry.yarnpkg.com/@dabh/diagnostics/-/diagnostics-2.0.2.tgz#290d08f7b381b8f94607dc8f471a12c675f9db31"
  integrity sha512-+A1YivoVDNNVCdfozHSR8v/jyuuLTMXwjWuxPFlFlUapXoGc+Gj9mDlTDDfrwl7rXCl2tNZ0kE8sIBO6YOn96Q==
  dependencies:
    colorspace "1.1.x"
    enabled "2.0.x"
    kuler "^2.0.0"

"@types/lodash@^4.14.172":
  version "4.14.172"
  resolved "https://registry.yarnpkg.com/@types/lodash/-/lodash-4.14.172.tgz#aad774c28e7bfd7a67de25408e03ee5a8c3d028a"
  integrity sha512-/BHF5HAx3em7/KkzVKm3LrsD6HZAXuXO1AJZQ3cRRBZj4oHZDviWPYu0aEplAqDFNHZPW6d3G7KN+ONcCCC7pw==

"@types/node@^16.7.10":
  version "16.7.10"
  resolved "https://registry.yarnpkg.com/@types/node/-/node-16.7.10.tgz#7aa732cc47341c12a16b7d562f519c2383b6d4fc"
  integrity sha512-S63Dlv4zIPb8x6MMTgDq5WWRJQe56iBEY0O3SOFA9JrRienkOVDXSXBjjJw6HTNQYSE2JI6GMCR6LVbIMHJVvA==

"@types/uuid@^8.3.1":
  version "8.3.1"
  resolved "https://registry.yarnpkg.com/@types/uuid/-/uuid-8.3.1.tgz#1a32969cf8f0364b3d8c8af9cc3555b7805df14f"
  integrity sha512-Y2mHTRAbqfFkpjldbkHGY8JIzRN6XqYRliG8/24FcHm2D2PwW24fl5xMRTVGdrb7iMrwCaIEbLWerGIkXuFWVg==

"@types/winston@^2.4.4":
  version "2.4.4"
  resolved "https://registry.yarnpkg.com/@types/winston/-/winston-2.4.4.tgz#48cc744b7b42fad74b9a2e8490e0112bd9a3d08d"
  integrity sha512-BVGCztsypW8EYwJ+Hq+QNYiT/MUyCif0ouBH+flrY66O5W+KIXAMML6E/0fJpm7VjIzgangahl5S03bJJQGrZw==
  dependencies:
    winston "*"

async@^3.1.0:
  version "3.2.1"
  resolved "https://registry.yarnpkg.com/async/-/async-3.2.1.tgz#d3274ec66d107a47476a4c49136aacdb00665fc8"
  integrity sha512-XdD5lRO/87udXCMC9meWdYiR+Nq6ZjUfXidViUZGu2F1MO4T3XwZ1et0hb2++BgLfhyJwy44BGB/yx80ABx8hg==

bowser@^2.11.0:
  version "2.11.0"
  resolved "https://registry.yarnpkg.com/bowser/-/bowser-2.11.0.tgz#5ca3c35757a7aa5771500c70a73a9f91ef420a8f"
  integrity sha512-AlcaJBi/pqqJBIQ8U9Mcpc9i8Aqxn88Skv5d+xBX006BY5u8N3mGLHa5Lgppa7L/HfwgwLgZ6NYs+Ag6uUmJRA==

color-convert@^1.9.1:
  version "1.9.3"
  resolved "https://registry.yarnpkg.com/color-convert/-/color-convert-1.9.3.tgz#bb71850690e1f136567de629d2d5471deda4c1e8"
  integrity sha512-QfAUtd+vFdAtFQcC8CCyYt1fYWxSqAiK2cSD6zDB8N3cpsEBAvRxp9zOGg6G/SHHJYAT88/az/IuDGALsNVbGg==
  dependencies:
    color-name "1.1.3"

color-name@1.1.3:
  version "1.1.3"
  resolved "https://registry.yarnpkg.com/color-name/-/color-name-1.1.3.tgz#a7d0558bd89c42f795dd42328f740831ca53bc25"
  integrity sha1-p9BVi9icQveV3UIyj3QIMcpTvCU=

color-name@^1.0.0:
  version "1.1.4"
  resolved "https://registry.yarnpkg.com/color-name/-/color-name-1.1.4.tgz#c2a09a87acbde69543de6f63fa3995c826c536a2"
  integrity sha512-dOy+3AuW3a2wNbZHIuMZpTcgjGuLU/uBL/ubcZF9OXbDo8ff4O8yVp5Bf0efS8uEoYo5q4Fx7dY9OgQGXgAsQA==

color-string@^1.5.2:
  version "1.6.0"
  resolved "https://registry.yarnpkg.com/color-string/-/color-string-1.6.0.tgz#c3915f61fe267672cb7e1e064c9d692219f6c312"
  integrity sha512-c/hGS+kRWJutUBEngKKmk4iH3sD59MBkoxVapS/0wgpCz2u7XsNloxknyvBhzwEs1IbV36D9PwqLPJ2DTu3vMA==
  dependencies:
    color-name "^1.0.0"
    simple-swizzle "^0.2.2"

color@3.0.x:
  version "3.0.0"
  resolved "https://registry.yarnpkg.com/color/-/color-3.0.0.tgz#d920b4328d534a3ac8295d68f7bd4ba6c427be9a"
  integrity sha512-jCpd5+s0s0t7p3pHQKpnJ0TpQKKdleP71LWcA0aqiljpiuAkOSUFN/dyH8ZwF0hRmFlrIuRhufds1QyEP9EB+w==
  dependencies:
    color-convert "^1.9.1"
    color-string "^1.5.2"

colors@^1.2.1:
  version "1.4.0"
  resolved "https://registry.yarnpkg.com/colors/-/colors-1.4.0.tgz#c50491479d4c1bdaed2c9ced32cf7c7dc2360f78"
  integrity sha512-a+UqTh4kgZg/SlGvfbzDHpgRu7AAQOmmqRHJnxhRZICKFUT91brVhNNt58CMWU9PsBbv3PDCZUHbVxuDiH2mtA==

colorspace@1.1.x:
  version "1.1.2"
  resolved "https://registry.yarnpkg.com/colorspace/-/colorspace-1.1.2.tgz#e0128950d082b86a2168580796a0aa5d6c68d8c5"
  integrity sha512-vt+OoIP2d76xLhjwbBaucYlNSpPsrJWPlBTtwCpQKIu6/CSMutyzX93O/Do0qzpH3YoHEes8YEFXyZ797rEhzQ==
  dependencies:
    color "3.0.x"
    text-hex "1.0.x"

commander@^8.1.0:
  version "8.1.0"
  resolved "https://registry.yarnpkg.com/commander/-/commander-8.1.0.tgz#db36e3e66edf24ff591d639862c6ab2c52664362"
  integrity sha512-mf45ldcuHSYShkplHHGKWb4TrmwQadxOn7v4WuhDJy0ZVoY5JFajaRDKD0PNe5qXzBX0rhovjTnP6Kz9LETcuA==

core-util-is@~1.0.0:
  version "1.0.3"
  resolved "https://registry.yarnpkg.com/core-util-is/-/core-util-is-1.0.3.tgz#a6042d3634c2b27e9328f837b965fac83808db85"
  integrity sha512-ZQBvi1DcpJ4GDqanjucZ2Hj3wEO5pZDS89BWbkcrvdxksJorwUDDZamX9ldFkp9aw2lmBDLgkObEA4DWNJ9FYQ==

enabled@2.0.x:
  version "2.0.0"
  resolved "https://registry.yarnpkg.com/enabled/-/enabled-2.0.0.tgz#f9dd92ec2d6f4bbc0d5d1e64e21d61cd4665e7c2"
  integrity sha512-AKrN98kuwOzMIdAizXGI86UFBoo26CL21UM763y1h/GMSJ4/OHU9k2YlsmBpyScFo/wbLzWQJBMCW4+IO3/+OQ==

entities@2.2.0:
  version "2.2.0"
  resolved "https://registry.yarnpkg.com/entities/-/entities-2.2.0.tgz#098dc90ebb83d8dffa089d55256b351d34c4da55"
  integrity sha512-p92if5Nz619I0w+akJrLZH0MX0Pb5DX39XOwQTtXSdQQOaYH03S1uIQp4mhOZtAXrxq4ViO67YTiLBo2638o9A==

fast-safe-stringify@^2.0.4:
  version "2.1.1"
  resolved "https://registry.yarnpkg.com/fast-safe-stringify/-/fast-safe-stringify-2.1.1.tgz#c406a83b6e70d9e35ce3b30a81141df30aeba884"
  integrity sha512-W+KJc2dmILlPplD/H4K9l9LcAHAfPtP6BY84uVLXQ6Evcz9Lcg33Y2z1IVblT6xdY54PXYVHEv+0Wpq8Io6zkA==

fast-xml-parser@3.19.0:
  version "3.19.0"
  resolved "https://registry.yarnpkg.com/fast-xml-parser/-/fast-xml-parser-3.19.0.tgz#cb637ec3f3999f51406dd8ff0e6fc4d83e520d01"
  integrity sha512-4pXwmBplsCPv8FOY1WRakF970TjNGnGnfbOnLqjlYvMiF1SR3yOHyxMR/YCXpPTOspNF5gwudqktIP4VsWkvBg==

fecha@^4.2.0:
  version "4.2.1"
  resolved "https://registry.yarnpkg.com/fecha/-/fecha-4.2.1.tgz#0a83ad8f86ef62a091e22bb5a039cd03d23eecce"
  integrity sha512-MMMQ0ludy/nBs1/o0zVOiKTpG7qMbonKUzjJgQFEuvq6INZ1OraKPRAWkBq5vlKLOUMpmNYG1JoN3oDPUQ9m3Q==

fn.name@1.x.x:
  version "1.1.0"
  resolved "https://registry.yarnpkg.com/fn.name/-/fn.name-1.1.0.tgz#26cad8017967aea8731bc42961d04a3d5988accc"
  integrity sha512-GRnmB5gPyJpAhTQdSZTSp9uaPSvl09KoYcMQtsB9rQoOmzs9dH6ffeccH+Z+cv6P68Hu5bC6JjRh4Ah/mHSNRw==

inherits@^2.0.3, inherits@~2.0.3:
  version "2.0.4"
  resolved "https://registry.yarnpkg.com/inherits/-/inherits-2.0.4.tgz#0fa2c64f932917c3433a0ded55363aae37416b7c"
  integrity sha512-k/vGaX4/Yla3WzyMCvTQOXYeIHvqOKtnqBduzTHpzpQZzAskKMhZ2K+EnBiSM9zGSoIFeMpXKxa4dYeZIQqewQ==

is-arrayish@^0.3.1:
  version "0.3.2"
  resolved "https://registry.yarnpkg.com/is-arrayish/-/is-arrayish-0.3.2.tgz#4574a2ae56f7ab206896fb431eaeed066fdf8f03"
  integrity sha512-eVRqCvVlZbuw3GrM63ovNSNAeA1K16kaR/LRY/92w0zxQ5/1YzwblUX652i4Xs9RwAGjW9d9y6X88t8OaAJfWQ==

is-stream@^2.0.0:
  version "2.0.1"
  resolved "https://registry.yarnpkg.com/is-stream/-/is-stream-2.0.1.tgz#fac1e3d53b97ad5a9d0ae9cef2389f5810a5c077"
  integrity sha512-hFoiJiTl63nn+kstHGBtewWSKnQLpyb155KHheA1l39uvtO9nWIop1p3udqPcUd/xbF1VLMO4n7OI6p7RbngDg==

isarray@~1.0.0:
  version "1.0.0"
  resolved "https://registry.yarnpkg.com/isarray/-/isarray-1.0.0.tgz#bb935d48582cba168c06834957a54a3e07124f11"
  integrity sha1-u5NdSFgsuhaMBoNJV6VKPgcSTxE=

kuler@^2.0.0:
  version "2.0.0"
  resolved "https://registry.yarnpkg.com/kuler/-/kuler-2.0.0.tgz#e2c570a3800388fb44407e851531c1d670b061b3"
  integrity sha512-Xq9nH7KlWZmXAtodXDDRE7vs6DU1gTU8zYDHDiWLSip45Egwq3plLHzPn27NgvzL2r1LMPC1vdqh98sQxtqj4A==

lodash@^4.17.21:
  version "4.17.21"
  resolved "https://registry.yarnpkg.com/lodash/-/lodash-4.17.21.tgz#679591c564c3bffaae8454cf0b3df370c3d6911c"
  integrity sha512-v2kDEe57lecTulaDIuNTPy3Ry4gLGJ6Z1O3vE1krgXZNrsQ+LFTGHVxVjcXPs17LhbZVGedAJv8XZ1tvj5FvSg==

logform@^2.2.0:
  version "2.2.0"
  resolved "https://registry.yarnpkg.com/logform/-/logform-2.2.0.tgz#40f036d19161fc76b68ab50fdc7fe495544492f2"
  integrity sha512-N0qPlqfypFx7UHNn4B3lzS/b0uLqt2hmuoa+PpuXNYgozdJYAyauF5Ky0BWVjrxDlMWiT3qN4zPq3vVAfZy7Yg==
  dependencies:
    colors "^1.2.1"
    fast-safe-stringify "^2.0.4"
    fecha "^4.2.0"
    ms "^2.1.1"
    triple-beam "^1.3.0"

ms@^2.1.1:
  version "2.1.3"
  resolved "https://registry.yarnpkg.com/ms/-/ms-2.1.3.tgz#574c8138ce1d2b5861f0b44579dbadd60c6615b2"
  integrity sha512-6FlzubTLZG3J2a/NVCAleEhjzq5oxgHyaCU9yYXvcLsvoVaHJq/s5xXI6/XXP6tz7R9xAOtHnSO/tXtF3WRTlA==

one-time@^1.0.0:
  version "1.0.0"
  resolved "https://registry.yarnpkg.com/one-time/-/one-time-1.0.0.tgz#e06bc174aed214ed58edede573b433bbf827cb45"
  integrity sha512-5DXOiRKwuSEcQ/l0kGCF6Q3jcADFv5tSmRaJck/OqkVFcOzutB134KRSfF0xDrL39MNnqxbHBbUUcjZIhTgb2g==
  dependencies:
    fn.name "1.x.x"

process-nextick-args@~2.0.0:
  version "2.0.1"
  resolved "https://registry.yarnpkg.com/process-nextick-args/-/process-nextick-args-2.0.1.tgz#7820d9b16120cc55ca9ae7792680ae7dba6d7fe2"
  integrity sha512-3ouUOpQhtgrbOa17J7+uxOTpITYWaGP7/AhoR3+A+/1e9skrzelGi/dXzEYyvbxubEF6Wn2ypscTKiKJFFn1ag==

readable-stream@^2.3.7:
  version "2.3.7"
  resolved "https://registry.yarnpkg.com/readable-stream/-/readable-stream-2.3.7.tgz#1eca1cf711aef814c04f62252a36a62f6cb23b57"
  integrity sha512-Ebho8K4jIbHAxnuxi7o42OrZgF/ZTNcsZj6nRKyUmkhLFq8CHItp/fy6hQZuZmP/n3yZ9VBUbp4zz/mX8hmYPw==
  dependencies:
    core-util-is "~1.0.0"
    inherits "~2.0.3"
    isarray "~1.0.0"
    process-nextick-args "~2.0.0"
    safe-buffer "~5.1.1"
    string_decoder "~1.1.1"
    util-deprecate "~1.0.1"

readable-stream@^3.4.0:
  version "3.6.0"
  resolved "https://registry.yarnpkg.com/readable-stream/-/readable-stream-3.6.0.tgz#337bbda3adc0706bd3e024426a286d4b4b2c9198"
  integrity sha512-BViHy7LKeTz4oNnkcLJ+lVSL6vpiFeX6/d3oSH8zCW7UxP2onchk+vTGB143xuFjHS3deTgkKoXXymXqymiIdA==
  dependencies:
    inherits "^2.0.3"
    string_decoder "^1.1.1"
    util-deprecate "^1.0.1"

safe-buffer@~5.1.0, safe-buffer@~5.1.1:
  version "5.1.2"
  resolved "https://registry.yarnpkg.com/safe-buffer/-/safe-buffer-5.1.2.tgz#991ec69d296e0313747d59bdfd2b745c35f8828d"
  integrity sha512-Gd2UZBJDkXlY7GbJxfsE8/nvKkUEU1G38c1siN6QP6a9PT9MmHB8GnpscSmMJSoF8LOIrt8ud/wPtojys4G6+g==

safe-buffer@~5.2.0:
  version "5.2.1"
  resolved "https://registry.yarnpkg.com/safe-buffer/-/safe-buffer-5.2.1.tgz#1eaf9fa9bdb1fdd4ec75f58f9cdb4e6b7827eec6"
  integrity sha512-rp3So07KcdmmKbGvgaNxQSJr7bGVSVk5S9Eq1F+ppbRo70+YeaDxkw5Dd8NPN+GD6bjnYm2VuPuCXmpuYvmCXQ==

simple-swizzle@^0.2.2:
  version "0.2.2"
  resolved "https://registry.yarnpkg.com/simple-swizzle/-/simple-swizzle-0.2.2.tgz#a4da6b635ffcccca33f70d17cb92592de95e557a"
  integrity sha1-pNprY1/8zMoz9w0Xy5JZLeleVXo=
  dependencies:
    is-arrayish "^0.3.1"

stack-trace@0.0.x:
  version "0.0.10"
  resolved "https://registry.yarnpkg.com/stack-trace/-/stack-trace-0.0.10.tgz#547c70b347e8d32b4e108ea1a2a159e5fdde19c0"
  integrity sha1-VHxws0fo0ytOEI6hoqFZ5f3eGcA=

string_decoder@^1.1.1:
  version "1.3.0"
  resolved "https://registry.yarnpkg.com/string_decoder/-/string_decoder-1.3.0.tgz#42f114594a46cf1a8e30b0a84f56c78c3edac21e"
  integrity sha512-hkRX8U1WjJFd8LsDJ2yQ/wWWxaopEsABU1XfkM8A+j0+85JAGppt16cr1Whg6KIbb4okU6Mql6BOj+uup/wKeA==
  dependencies:
    safe-buffer "~5.2.0"

string_decoder@~1.1.1:
  version "1.1.1"
  resolved "https://registry.yarnpkg.com/string_decoder/-/string_decoder-1.1.1.tgz#9cf1611ba62685d7030ae9e4ba34149c3af03fc8"
  integrity sha512-n/ShnvDi6FHbbVfviro+WojiFzv+s8MPMHBczVePfUpDJLwoLT0ht1l4YwBCbi8pJAveEEdnkHyPyTP/mzRfwg==
  dependencies:
    safe-buffer "~5.1.0"

text-hex@1.0.x:
  version "1.0.0"
  resolved "https://registry.yarnpkg.com/text-hex/-/text-hex-1.0.0.tgz#69dc9c1b17446ee79a92bf5b884bb4b9127506f5"
  integrity sha512-uuVGNWzgJ4yhRaNSiubPY7OjISw4sw4E5Uv0wbjp+OzcbmVU/rsT8ujgcXJhn9ypzsgr5vlzpPqP+MBBKcGvbg==

triple-beam@^1.2.0, triple-beam@^1.3.0:
  version "1.3.0"
  resolved "https://registry.yarnpkg.com/triple-beam/-/triple-beam-1.3.0.tgz#a595214c7298db8339eeeee083e4d10bd8cb8dd9"
  integrity sha512-XrHUvV5HpdLmIj4uVMxHggLbFSZYIn7HEWsqePZcI50pco+MPqJ50wMGY794X7AOOhxOBAjbkqfAbEe/QMp2Lw==

tslib@^1.11.1:
  version "1.14.1"
  resolved "https://registry.yarnpkg.com/tslib/-/tslib-1.14.1.tgz#cf2d38bdc34a134bcaf1091c41f6619e2f672d00"
  integrity sha512-Xni35NKzjgMrwevysHTCArtLDpPvye8zV/0E4EyYn43P7/7qvQwPh9BGkHewbMulVntbigmcT7rdX3BNo9wRJg==

tslib@^2.3.0:
  version "2.3.1"
  resolved "https://registry.yarnpkg.com/tslib/-/tslib-2.3.1.tgz#e8a335add5ceae51aa261d32a490158ef042ef01"
  integrity sha512-77EbyPPpMz+FRFRuAFlWMtmgUWGe9UOG2Z25NqCwiIjRhOf5iKGuzSe5P2w1laq+FkRy4p+PCuVkJSGkzTEKVw==

typescript@^4.4.2:
  version "4.4.2"
  resolved "https://registry.yarnpkg.com/typescript/-/typescript-4.4.2.tgz#6d618640d430e3569a1dfb44f7d7e600ced3ee86"
  integrity sha512-gzP+t5W4hdy4c+68bfcv0t400HVJMMd2+H9B7gae1nQlBzCqvrXX+6GL/b3GAgyTH966pzrZ70/fRjwAtZksSQ==

util-deprecate@^1.0.1, util-deprecate@~1.0.1:
  version "1.0.2"
  resolved "https://registry.yarnpkg.com/util-deprecate/-/util-deprecate-1.0.2.tgz#450d4dc9fa70de732762fbd2d4a28981419a0ccf"
  integrity sha1-RQ1Nyfpw3nMnYvvS1KKJgUGaDM8=

uuid@^8.3.2:
  version "8.3.2"
  resolved "https://registry.yarnpkg.com/uuid/-/uuid-8.3.2.tgz#80d5b5ced271bb9af6c445f21a1a04c606cefbe2"
  integrity sha512-+NYs2QeMWy+GWFOEm9xnn6HCDp0l7QBD7ml8zLUmJ+93Q5NF0NocErnwkTkXVFNiX3/fpC6afS8Dhb/gz7R7eg==

winston-transport@^4.4.0:
  version "4.4.0"
  resolved "https://registry.yarnpkg.com/winston-transport/-/winston-transport-4.4.0.tgz#17af518daa690d5b2ecccaa7acf7b20ca7925e59"
  integrity sha512-Lc7/p3GtqtqPBYYtS6KCN3c77/2QCev51DvcJKbkFPQNoj1sinkGwLGFDxkXY9J6p9+EPnYs+D90uwbnaiURTw==
  dependencies:
    readable-stream "^2.3.7"
    triple-beam "^1.2.0"

winston@*, winston@^3.3.3:
  version "3.3.3"
  resolved "https://registry.yarnpkg.com/winston/-/winston-3.3.3.tgz#ae6172042cafb29786afa3d09c8ff833ab7c9170"
  integrity sha512-oEXTISQnC8VlSAKf1KYSSd7J6IWuRPQqDdo8eoRNaYKLvwSb5+79Z3Yi1lrl6KDpU6/VWaxpakDAtb1oQ4n9aw==
  dependencies:
    "@dabh/diagnostics" "^2.0.2"
    async "^3.1.0"
    is-stream "^2.0.0"
    logform "^2.2.0"
    one-time "^1.0.0"
    readable-stream "^3.4.0"
    stack-trace "0.0.x"
    triple-beam "^1.3.0"
    winston-transport "^4.4.0"
